{
  "object": {
    "pins": [
      {
        "package": "rjps-lib-uf",
        "repositoryURL": "https://github.com/ricardopsantos/RJSLibUF",
        "state": {
          "branch": null,
          "revision": "73ede61128f31f1ed8ed6c84e5ae9f8482acd306",
          "version": null
        }
      },
      {
        "package": "TinyConstraints",
        "repositoryURL": "https://github.com/roberthein/TinyConstraints",
        "state": {
          "branch": "master",
          "revision": "d7bd59531c1e5155cb64167235dc75bf5a37ebe6",
          "version": null
        }
      }
    ]
  },
  "version": 1
}
