{
  "object": {
    "pins": [
      {
        "package": "rjps-lib-uf",
        "repositoryURL": "https://github.com/ricardopsantos/RJSLibUF",
        "state": {
          "branch": null,
          "revision": "11aeb1417d0f32d74bb9576a98149699c9871617",
          "version": null
        }
      }
    ]
  },
  "version": 1
}
