{
  "object": {
    "pins": [
      {
        "package": "rjps-lib-uf",
        "repositoryURL": "https://github.com/ricardopsantos/RJSLibUF",
        "state": {
          "branch": "develop",
          "revision": "3fab3d0158262eafbb5ca267c8a4a3a1bc207239",
          "version": null
        }
      }
    ]
  },
  "version": 1
}
