// !$*UTF8*$!
{
	archiveVersion = 1;
	classes = {
	};
	objectVersion = 51;
	objects = {

/* Begin PBXBuildFile section */
		04E46A2218BFDE82FCC89925 /* Assets.xcassets in Resources */ = {isa = PBXBuildFile; fileRef = 61114974D64A09F7845CC853 /* Assets.xcassets */; };
		0946DC2003B4E8DAE58E8AD2 /* VC.ComposableArquitectureVC.swift in Sources */ = {isa = PBXBuildFile; fileRef = 0748A115642A4E1CA0D25F2A /* VC.ComposableArquitectureVC.swift */; };
		11F5248A46D64B862681AED4 /* TabBarController.swift in Sources */ = {isa = PBXBuildFile; fileRef = E93030C52174E8510BF8FCCA /* TabBarController.swift */; };
		1AB282E5F7C624AFC13C35F3 /* RJSLibUFDesignables in Frameworks */ = {isa = PBXBuildFile; productRef = D1DE25B77C57147353190A8B /* RJSLibUFDesignables */; };
		30255028F84ED6BC3F50D393 /* RJSLibUFNetworking in Frameworks */ = {isa = PBXBuildFile; productRef = 4AB6B31CF98CD11ECEEDCF00 /* RJSLibUFNetworking */; };
		35CE25FF3A1D854D55C1E3D7 /* Auxiliar.swift in Sources */ = {isa = PBXBuildFile; fileRef = 54B452CD4C754EEACDA5C304 /* Auxiliar.swift */; };
		3895B4C1D785FF29FCC5ED6F /* VC.SwiftUIAndUIKitVC.swift in Sources */ = {isa = PBXBuildFile; fileRef = E3D36EBAA2936244A4A8BAE0 /* VC.SwiftUIAndUIKitVC.swift */; };
		43B00CF3C9E095F49E334ED8 /* RJSLibUFAppThemes in Frameworks */ = {isa = PBXBuildFile; productRef = A6C023D856A22F4D393D8297 /* RJSLibUFAppThemes */; };
		5D7DB12E99655CAB7814BB85 /* VC.CombineTestingVC.swift in Sources */ = {isa = PBXBuildFile; fileRef = 31A1BEB4E0228633087AA122 /* VC.CombineTestingVC.swift */; };
		8603C7EFA703169FFCE1057A /* RJSLibUFBaseVIP in Frameworks */ = {isa = PBXBuildFile; productRef = 8F41A86107FA4E70F1447056 /* RJSLibUFBaseVIP */; };
		8D8E8917A242CAAC772FC404 /* VC.RJSLibUFDesignablesVC.swift in Sources */ = {isa = PBXBuildFile; fileRef = E600E1C639C903F1B6EA0D2E /* VC.RJSLibUFDesignablesVC.swift */; };
		AE2AD6F3C1875905D1A2FAD5 /* LaunchScreen.storyboard in Resources */ = {isa = PBXBuildFile; fileRef = 8607B8BF1EA049CFF6B04D2A /* LaunchScreen.storyboard */; };
		B47761791D3A726C6E697A29 /* RJSLibUFBase in Frameworks */ = {isa = PBXBuildFile; productRef = 177A9715E955600A26EDABE7 /* RJSLibUFBase */; };
		B66BABB5DE6E1185165014E8 /* RJSLibUFStorage in Frameworks */ = {isa = PBXBuildFile; productRef = D865A4DFC444021BC073F982 /* RJSLibUFStorage */; };
		BF846B3D869B6C0EBC90A20A /* VC.RJSLibUFAppThemesVC.swift in Sources */ = {isa = PBXBuildFile; fileRef = 88FFC81A98495F86495716C5 /* VC.RJSLibUFAppThemesVC.swift */; };
		CE8424C95C995BB1E4493A54 /* VC.TestingMiscVC.swift in Sources */ = {isa = PBXBuildFile; fileRef = C0D10762AA6B4D65CE11B7D3 /* VC.TestingMiscVC.swift */; };
		E096B001AA0122FC20A82AC9 /* AppDelegate.swift in Sources */ = {isa = PBXBuildFile; fileRef = C850013A6A17CB2B156A7F5F /* AppDelegate.swift */; };
/* End PBXBuildFile section */

/* Begin PBXFileReference section */
		0748A115642A4E1CA0D25F2A /* VC.ComposableArquitectureVC.swift */ = {isa = PBXFileReference; lastKnownFileType = sourcecode.swift; path = VC.ComposableArquitectureVC.swift; sourceTree = "<group>"; };
		1222A38CA1D980ABA250E196 /* Info.plist */ = {isa = PBXFileReference; lastKnownFileType = text.plist; path = Info.plist; sourceTree = "<group>"; };
		31A1BEB4E0228633087AA122 /* VC.CombineTestingVC.swift */ = {isa = PBXFileReference; lastKnownFileType = sourcecode.swift; path = VC.CombineTestingVC.swift; sourceTree = "<group>"; };
		3B91CB910E050843DE439451 /* SampleApp.entitlements */ = {isa = PBXFileReference; lastKnownFileType = text.plist.entitlements; path = SampleApp.entitlements; sourceTree = "<group>"; };
		54B452CD4C754EEACDA5C304 /* Auxiliar.swift */ = {isa = PBXFileReference; lastKnownFileType = sourcecode.swift; path = Auxiliar.swift; sourceTree = "<group>"; };
		61114974D64A09F7845CC853 /* Assets.xcassets */ = {isa = PBXFileReference; lastKnownFileType = folder.assetcatalog; path = Assets.xcassets; sourceTree = "<group>"; };
		88FFC81A98495F86495716C5 /* VC.RJSLibUFAppThemesVC.swift */ = {isa = PBXFileReference; lastKnownFileType = sourcecode.swift; path = VC.RJSLibUFAppThemesVC.swift; sourceTree = "<group>"; };
		C0D10762AA6B4D65CE11B7D3 /* VC.TestingMiscVC.swift */ = {isa = PBXFileReference; lastKnownFileType = sourcecode.swift; path = VC.TestingMiscVC.swift; sourceTree = "<group>"; };
		C850013A6A17CB2B156A7F5F /* AppDelegate.swift */ = {isa = PBXFileReference; lastKnownFileType = sourcecode.swift; path = AppDelegate.swift; sourceTree = "<group>"; };
		D9A33FF968EDCAB50893D9C2 /* Base */ = {isa = PBXFileReference; lastKnownFileType = file.storyboard; name = Base; path = Base.lproj/LaunchScreen.storyboard; sourceTree = "<group>"; };
		E3D36EBAA2936244A4A8BAE0 /* VC.SwiftUIAndUIKitVC.swift */ = {isa = PBXFileReference; lastKnownFileType = sourcecode.swift; path = VC.SwiftUIAndUIKitVC.swift; sourceTree = "<group>"; };
		E600E1C639C903F1B6EA0D2E /* VC.RJSLibUFDesignablesVC.swift */ = {isa = PBXFileReference; lastKnownFileType = sourcecode.swift; path = VC.RJSLibUFDesignablesVC.swift; sourceTree = "<group>"; };
		E93030C52174E8510BF8FCCA /* TabBarController.swift */ = {isa = PBXFileReference; lastKnownFileType = sourcecode.swift; path = TabBarController.swift; sourceTree = "<group>"; };
		F18C13935AE5B472EDF0C66A /* SampleApp1.app */ = {isa = PBXFileReference; includeInIndex = 0; lastKnownFileType = wrapper.application; path = SampleApp1.app; sourceTree = BUILT_PRODUCTS_DIR; };
/* End PBXFileReference section */

/* Begin PBXFrameworksBuildPhase section */
		C565F07763933BEAFF3B8C95 /* Frameworks */ = {
			isa = PBXFrameworksBuildPhase;
			buildActionMask = 2147483647;
			files = (
				B47761791D3A726C6E697A29 /* RJSLibUFBase in Frameworks */,
				30255028F84ED6BC3F50D393 /* RJSLibUFNetworking in Frameworks */,
				43B00CF3C9E095F49E334ED8 /* RJSLibUFAppThemes in Frameworks */,
				8603C7EFA703169FFCE1057A /* RJSLibUFBaseVIP in Frameworks */,
				B66BABB5DE6E1185165014E8 /* RJSLibUFStorage in Frameworks */,
				1AB282E5F7C624AFC13C35F3 /* RJSLibUFDesignables in Frameworks */,
			);
			runOnlyForDeploymentPostprocessing = 0;
		};
/* End PBXFrameworksBuildPhase section */

/* Begin PBXGroup section */
		3277873AC395EFC3684D83AA = {
			isa = PBXGroup;
			children = (
				71EA88CABC7FF90765AAB57D /* SampleApp */,
				A955FB7D684A43F8356AD8A4 /* Products */,
			);
			sourceTree = "<group>";
		};
		71EA88CABC7FF90765AAB57D /* SampleApp */ = {
			isa = PBXGroup;
			children = (
				74901F2E984F5BFD204B85AA /* Scenes */,
				C433B6554B6A90869D3A2830 /* Scenes.Auxiliar */,
				C850013A6A17CB2B156A7F5F /* AppDelegate.swift */,
				61114974D64A09F7845CC853 /* Assets.xcassets */,
				1222A38CA1D980ABA250E196 /* Info.plist */,
				8607B8BF1EA049CFF6B04D2A /* LaunchScreen.storyboard */,
				3B91CB910E050843DE439451 /* SampleApp.entitlements */,
				E93030C52174E8510BF8FCCA /* TabBarController.swift */,
			);
			path = SampleApp;
			sourceTree = "<group>";
		};
		74901F2E984F5BFD204B85AA /* Scenes */ = {
			isa = PBXGroup;
			children = (
				31A1BEB4E0228633087AA122 /* VC.CombineTestingVC.swift */,
				0748A115642A4E1CA0D25F2A /* VC.ComposableArquitectureVC.swift */,
				88FFC81A98495F86495716C5 /* VC.RJSLibUFAppThemesVC.swift */,
				E600E1C639C903F1B6EA0D2E /* VC.RJSLibUFDesignablesVC.swift */,
				E3D36EBAA2936244A4A8BAE0 /* VC.SwiftUIAndUIKitVC.swift */,
				C0D10762AA6B4D65CE11B7D3 /* VC.TestingMiscVC.swift */,
			);
			path = Scenes;
			sourceTree = "<group>";
		};
		A955FB7D684A43F8356AD8A4 /* Products */ = {
			isa = PBXGroup;
			children = (
				F18C13935AE5B472EDF0C66A /* SampleApp1.app */,
			);
			name = Products;
			sourceTree = "<group>";
		};
		C433B6554B6A90869D3A2830 /* Scenes.Auxiliar */ = {
			isa = PBXGroup;
			children = (
				54B452CD4C754EEACDA5C304 /* Auxiliar.swift */,
			);
			path = Scenes.Auxiliar;
			sourceTree = "<group>";
		};
/* End PBXGroup section */

/* Begin PBXNativeTarget section */
		7E0CCF6DF61245703DE23361 /* SampleApp1 */ = {
			isa = PBXNativeTarget;
			buildConfigurationList = DD196219B095E32C758E1E22 /* Build configuration list for PBXNativeTarget "SampleApp1" */;
			buildPhases = (
				53F8FA6F84207F5DDD011EC3 /* Sources */,
				D6A8CFE3C975A66FF019FFCA /* Resources */,
				C565F07763933BEAFF3B8C95 /* Frameworks */,
			);
			buildRules = (
			);
			dependencies = (
			);
			name = SampleApp1;
			packageProductDependencies = (
				177A9715E955600A26EDABE7 /* RJSLibUFBase */,
				4AB6B31CF98CD11ECEEDCF00 /* RJSLibUFNetworking */,
				A6C023D856A22F4D393D8297 /* RJSLibUFAppThemes */,
				8F41A86107FA4E70F1447056 /* RJSLibUFBaseVIP */,
				D865A4DFC444021BC073F982 /* RJSLibUFStorage */,
				D1DE25B77C57147353190A8B /* RJSLibUFDesignables */,
			);
			productName = SampleApp1;
			productReference = F18C13935AE5B472EDF0C66A /* SampleApp1.app */;
			productType = "com.apple.product-type.application";
		};
/* End PBXNativeTarget section */

/* Begin PBXProject section */
		104D659E859DF50E0A566B84 /* Project object */ = {
			isa = PBXProject;
			attributes = {
				LastUpgradeCheck = 1201;
				TargetAttributes = {
				};
			};
			buildConfigurationList = 95437F7A95DF2E7DF9CD1C02 /* Build configuration list for PBXProject "iOSSampleApp" */;
			compatibilityVersion = "Xcode 10.0";
			developmentRegion = en;
			hasScannedForEncodings = 0;
			knownRegions = (
				Base,
				en,
			);
			mainGroup = 3277873AC395EFC3684D83AA;
			packageReferences = (
				B82E728FCE96035145B29FD9 /* XCRemoteSwiftPackageReference "RJSLibUF" */,
			);
			projectDirPath = "";
			projectRoot = "";
			targets = (
				7E0CCF6DF61245703DE23361 /* SampleApp1 */,
			);
		};
/* End PBXProject section */

/* Begin PBXResourcesBuildPhase section */
		D6A8CFE3C975A66FF019FFCA /* Resources */ = {
			isa = PBXResourcesBuildPhase;
			buildActionMask = 2147483647;
			files = (
				04E46A2218BFDE82FCC89925 /* Assets.xcassets in Resources */,
				AE2AD6F3C1875905D1A2FAD5 /* LaunchScreen.storyboard in Resources */,
			);
			runOnlyForDeploymentPostprocessing = 0;
		};
/* End PBXResourcesBuildPhase section */

/* Begin PBXSourcesBuildPhase section */
		53F8FA6F84207F5DDD011EC3 /* Sources */ = {
			isa = PBXSourcesBuildPhase;
			buildActionMask = 2147483647;
			files = (
				E096B001AA0122FC20A82AC9 /* AppDelegate.swift in Sources */,
				35CE25FF3A1D854D55C1E3D7 /* Auxiliar.swift in Sources */,
				11F5248A46D64B862681AED4 /* TabBarController.swift in Sources */,
				5D7DB12E99655CAB7814BB85 /* VC.CombineTestingVC.swift in Sources */,
				0946DC2003B4E8DAE58E8AD2 /* VC.ComposableArquitectureVC.swift in Sources */,
				BF846B3D869B6C0EBC90A20A /* VC.RJSLibUFAppThemesVC.swift in Sources */,
				8D8E8917A242CAAC772FC404 /* VC.RJSLibUFDesignablesVC.swift in Sources */,
				3895B4C1D785FF29FCC5ED6F /* VC.SwiftUIAndUIKitVC.swift in Sources */,
				CE8424C95C995BB1E4493A54 /* VC.TestingMiscVC.swift in Sources */,
			);
			runOnlyForDeploymentPostprocessing = 0;
		};
/* End PBXSourcesBuildPhase section */

/* Begin PBXVariantGroup section */
		8607B8BF1EA049CFF6B04D2A /* LaunchScreen.storyboard */ = {
			isa = PBXVariantGroup;
			children = (
				D9A33FF968EDCAB50893D9C2 /* Base */,
			);
			name = LaunchScreen.storyboard;
			sourceTree = "<group>";
		};
/* End PBXVariantGroup section */

/* Begin XCBuildConfiguration section */
		208E295E5A6FAEFDDD0BCCBC /* Debug */ = {
			isa = XCBuildConfiguration;
			buildSettings = {
				ASSETCATALOG_COMPILER_APPICON_NAME = AppIcon;
				CODE_SIGN_IDENTITY = "iPhone Developer";
				INFOPLIST_FILE = SampleApp/Info.plist;
				IPHONEOS_DEPLOYMENT_TARGET = 13.0;
				LD_RUNPATH_SEARCH_PATHS = (
					"$(inherited)",
					"@executable_path/Frameworks",
				);
				MARKETING_VERSION = 1.0;
				PRODUCT_BUNDLE_IDENTIFIER = com.rjps.libuf.SampleApp1;
				SDKROOT = iphoneos;
				TARGETED_DEVICE_FAMILY = "1,2";
			};
			name = Debug;
		};
		75E82C6BCBF23BE9E70016A4 /* Release */ = {
			isa = XCBuildConfiguration;
			buildSettings = {
				ASSETCATALOG_COMPILER_APPICON_NAME = AppIcon;
				CODE_SIGN_IDENTITY = "iPhone Developer";
				INFOPLIST_FILE = SampleApp/Info.plist;
				IPHONEOS_DEPLOYMENT_TARGET = 13.0;
				LD_RUNPATH_SEARCH_PATHS = (
					"$(inherited)",
					"@executable_path/Frameworks",
				);
				MARKETING_VERSION = 1.0;
				PRODUCT_BUNDLE_IDENTIFIER = com.rjps.libuf.SampleApp1;
				SDKROOT = iphoneos;
				TARGETED_DEVICE_FAMILY = "1,2";
			};
			name = Release;
		};
		91FEEF42A5C9F1B813B2329D /* Release */ = {
			isa = XCBuildConfiguration;
			buildSettings = {
				ALWAYS_SEARCH_USER_PATHS = NO;
				CLANG_ANALYZER_NONNULL = YES;
				CLANG_ANALYZER_NUMBER_OBJECT_CONVERSION = YES_AGGRESSIVE;
				CLANG_CXX_LANGUAGE_STANDARD = "gnu++14";
				CLANG_CXX_LIBRARY = "libc++";
				CLANG_ENABLE_MODULES = YES;
				CLANG_ENABLE_OBJC_ARC = YES;
				CLANG_ENABLE_OBJC_WEAK = YES;
				CLANG_WARN_BLOCK_CAPTURE_AUTORELEASING = YES;
				CLANG_WARN_BOOL_CONVERSION = YES;
				CLANG_WARN_COMMA = YES;
				CLANG_WARN_CONSTANT_CONVERSION = YES;
				CLANG_WARN_DEPRECATED_OBJC_IMPLEMENTATIONS = YES;
				CLANG_WARN_DIRECT_OBJC_ISA_USAGE = YES_ERROR;
				CLANG_WARN_DOCUMENTATION_COMMENTS = YES;
				CLANG_WARN_EMPTY_BODY = YES;
				CLANG_WARN_ENUM_CONVERSION = YES;
				CLANG_WARN_INFINITE_RECURSION = YES;
				CLANG_WARN_INT_CONVERSION = YES;
				CLANG_WARN_NON_LITERAL_NULL_CONVERSION = YES;
				CLANG_WARN_OBJC_IMPLICIT_RETAIN_SELF = YES;
				CLANG_WARN_OBJC_LITERAL_CONVERSION = YES;
				CLANG_WARN_OBJC_ROOT_CLASS = YES_ERROR;
				CLANG_WARN_QUOTED_INCLUDE_IN_FRAMEWORK_HEADER = YES;
				CLANG_WARN_RANGE_LOOP_ANALYSIS = YES;
				CLANG_WARN_STRICT_PROTOTYPES = YES;
				CLANG_WARN_SUSPICIOUS_MOVE = YES;
				CLANG_WARN_UNGUARDED_AVAILABILITY = YES_AGGRESSIVE;
				CLANG_WARN_UNREACHABLE_CODE = YES;
				CLANG_WARN__DUPLICATE_METHOD_MATCH = YES;
				COPY_PHASE_STRIP = NO;
				DEBUG_INFORMATION_FORMAT = "dwarf-with-dsym";
				ENABLE_BITCODE = NO;
				ENABLE_NS_ASSERTIONS = NO;
				ENABLE_STRICT_OBJC_MSGSEND = YES;
				GCC_C_LANGUAGE_STANDARD = gnu11;
				GCC_NO_COMMON_BLOCKS = YES;
				GCC_WARN_64_TO_32_BIT_CONVERSION = YES;
				GCC_WARN_ABOUT_RETURN_TYPE = YES_ERROR;
				GCC_WARN_UNDECLARED_SELECTOR = YES;
				GCC_WARN_UNINITIALIZED_AUTOS = YES_AGGRESSIVE;
				GCC_WARN_UNUSED_FUNCTION = YES;
				GCC_WARN_UNUSED_VARIABLE = YES;
				IPHONEOS_DEPLOYMENT_TARGET = 13.0;
				MTL_ENABLE_DEBUG_INFO = NO;
				MTL_FAST_MATH = YES;
				PRODUCT_NAME = "$(TARGET_NAME)";
				SDKROOT = iphoneos;
				SWIFT_COMPILATION_MODE = wholemodule;
				SWIFT_OPTIMIZATION_LEVEL = "-O";
				SWIFT_VERSION = 5.3;
			};
			name = Release;
		};
		ACFB7DF632C389BBB543F8D6 /* Debug */ = {
			isa = XCBuildConfiguration;
			buildSettings = {
				ALWAYS_SEARCH_USER_PATHS = NO;
				CLANG_ANALYZER_NONNULL = YES;
				CLANG_ANALYZER_NUMBER_OBJECT_CONVERSION = YES_AGGRESSIVE;
				CLANG_CXX_LANGUAGE_STANDARD = "gnu++14";
				CLANG_CXX_LIBRARY = "libc++";
				CLANG_ENABLE_MODULES = YES;
				CLANG_ENABLE_OBJC_ARC = YES;
				CLANG_ENABLE_OBJC_WEAK = YES;
				CLANG_WARN_BLOCK_CAPTURE_AUTORELEASING = YES;
				CLANG_WARN_BOOL_CONVERSION = YES;
				CLANG_WARN_COMMA = YES;
				CLANG_WARN_CONSTANT_CONVERSION = YES;
				CLANG_WARN_DEPRECATED_OBJC_IMPLEMENTATIONS = YES;
				CLANG_WARN_DIRECT_OBJC_ISA_USAGE = YES_ERROR;
				CLANG_WARN_DOCUMENTATION_COMMENTS = YES;
				CLANG_WARN_EMPTY_BODY = YES;
				CLANG_WARN_ENUM_CONVERSION = YES;
				CLANG_WARN_INFINITE_RECURSION = YES;
				CLANG_WARN_INT_CONVERSION = YES;
				CLANG_WARN_NON_LITERAL_NULL_CONVERSION = YES;
				CLANG_WARN_OBJC_IMPLICIT_RETAIN_SELF = YES;
				CLANG_WARN_OBJC_LITERAL_CONVERSION = YES;
				CLANG_WARN_OBJC_ROOT_CLASS = YES_ERROR;
				CLANG_WARN_QUOTED_INCLUDE_IN_FRAMEWORK_HEADER = YES;
				CLANG_WARN_RANGE_LOOP_ANALYSIS = YES;
				CLANG_WARN_STRICT_PROTOTYPES = YES;
				CLANG_WARN_SUSPICIOUS_MOVE = YES;
				CLANG_WARN_UNGUARDED_AVAILABILITY = YES_AGGRESSIVE;
				CLANG_WARN_UNREACHABLE_CODE = YES;
				CLANG_WARN__DUPLICATE_METHOD_MATCH = YES;
				COPY_PHASE_STRIP = NO;
				DEBUG_INFORMATION_FORMAT = dwarf;
				ENABLE_BITCODE = NO;
				ENABLE_STRICT_OBJC_MSGSEND = YES;
				ENABLE_TESTABILITY = YES;
				GCC_C_LANGUAGE_STANDARD = gnu11;
				GCC_DYNAMIC_NO_PIC = NO;
				GCC_NO_COMMON_BLOCKS = YES;
				GCC_OPTIMIZATION_LEVEL = 0;
				GCC_PREPROCESSOR_DEFINITIONS = (
					"$(inherited)",
					"DEBUG=1",
				);
				GCC_WARN_64_TO_32_BIT_CONVERSION = YES;
				GCC_WARN_ABOUT_RETURN_TYPE = YES_ERROR;
				GCC_WARN_UNDECLARED_SELECTOR = YES;
				GCC_WARN_UNINITIALIZED_AUTOS = YES_AGGRESSIVE;
				GCC_WARN_UNUSED_FUNCTION = YES;
				GCC_WARN_UNUSED_VARIABLE = YES;
				IPHONEOS_DEPLOYMENT_TARGET = 13.0;
				MTL_ENABLE_DEBUG_INFO = INCLUDE_SOURCE;
				MTL_FAST_MATH = YES;
				ONLY_ACTIVE_ARCH = YES;
				PRODUCT_NAME = "$(TARGET_NAME)";
				SDKROOT = iphoneos;
				SWIFT_ACTIVE_COMPILATION_CONDITIONS = DEBUG;
				SWIFT_OPTIMIZATION_LEVEL = "-Onone";
				SWIFT_VERSION = 5.3;
			};
			name = Debug;
		};
/* End XCBuildConfiguration section */

/* Begin XCConfigurationList section */
		95437F7A95DF2E7DF9CD1C02 /* Build configuration list for PBXProject "iOSSampleApp" */ = {
			isa = XCConfigurationList;
			buildConfigurations = (
				ACFB7DF632C389BBB543F8D6 /* Debug */,
				91FEEF42A5C9F1B813B2329D /* Release */,
			);
			defaultConfigurationIsVisible = 0;
			defaultConfigurationName = Debug;
		};
		DD196219B095E32C758E1E22 /* Build configuration list for PBXNativeTarget "SampleApp1" */ = {
			isa = XCConfigurationList;
			buildConfigurations = (
				208E295E5A6FAEFDDD0BCCBC /* Debug */,
				75E82C6BCBF23BE9E70016A4 /* Release */,
			);
			defaultConfigurationIsVisible = 0;
			defaultConfigurationName = Debug;
		};
/* End XCConfigurationList section */

/* Begin XCRemoteSwiftPackageReference section */
		B82E728FCE96035145B29FD9 /* XCRemoteSwiftPackageReference "RJSLibUF" */ = {
			isa = XCRemoteSwiftPackageReference;
			repositoryURL = "https://github.com/ricardopsantos/RJSLibUF";
			requirement = {
				kind = revision;
				revision = ad1af173258c330303a1f53263d1513b0ac1998d;
			};
		};
/* End XCRemoteSwiftPackageReference section */

/* Begin XCSwiftPackageProductDependency section */
		177A9715E955600A26EDABE7 /* RJSLibUFBase */ = {
			isa = XCSwiftPackageProductDependency;
			package = B82E728FCE96035145B29FD9 /* XCRemoteSwiftPackageReference "RJSLibUF" */;
			productName = RJSLibUFBase;
		};
		4AB6B31CF98CD11ECEEDCF00 /* RJSLibUFNetworking */ = {
			isa = XCSwiftPackageProductDependency;
			package = B82E728FCE96035145B29FD9 /* XCRemoteSwiftPackageReference "RJSLibUF" */;
			productName = RJSLibUFNetworking;
		};
		8F41A86107FA4E70F1447056 /* RJSLibUFBaseVIP */ = {
			isa = XCSwiftPackageProductDependency;
			package = B82E728FCE96035145B29FD9 /* XCRemoteSwiftPackageReference "RJSLibUF" */;
			productName = RJSLibUFBaseVIP;
		};
		A6C023D856A22F4D393D8297 /* RJSLibUFAppThemes */ = {
			isa = XCSwiftPackageProductDependency;
			package = B82E728FCE96035145B29FD9 /* XCRemoteSwiftPackageReference "RJSLibUF" */;
			productName = RJSLibUFAppThemes;
		};
		D1DE25B77C57147353190A8B /* RJSLibUFDesignables */ = {
			isa = XCSwiftPackageProductDependency;
			package = B82E728FCE96035145B29FD9 /* XCRemoteSwiftPackageReference "RJSLibUF" */;
			productName = RJSLibUFDesignables;
		};
		D865A4DFC444021BC073F982 /* RJSLibUFStorage */ = {
			isa = XCSwiftPackageProductDependency;
			package = B82E728FCE96035145B29FD9 /* XCRemoteSwiftPackageReference "RJSLibUF" */;
			productName = RJSLibUFStorage;
		};
/* End XCSwiftPackageProductDependency section */
	};
	rootObject = 104D659E859DF50E0A566B84 /* Project object */;
}
