// !$*UTF8*$!
{
	archiveVersion = 1;
	classes = {
	};
	objectVersion = 51;
	objects = {

/* Begin PBXBuildFile section */
		0270803B519B857E2544E831 /* Designables+ActivityIndicator.swift in Sources */ = {isa = PBXBuildFile; fileRef = A90C6C225F00B2F6BF78EEC6 /* Designables+ActivityIndicator.swift */; };
		030CBC1131B01708B6CBD104 /* RJSLibNetworkClientResponse.swift in Sources */ = {isa = PBXBuildFile; fileRef = 66D0A682BF07621D4EEE8180 /* RJSLibNetworkClientResponse.swift */; };
		0878620A0D8FA983345D5396 /* Text+Extentions.swift in Sources */ = {isa = PBXBuildFile; fileRef = AC5F6BF972E99C1061D97E39 /* Text+Extentions.swift */; };
		091B1AFBD522A5959CC39B90 /* UIColor+Extensions.swift in Sources */ = {isa = PBXBuildFile; fileRef = 72E16F7C1ADBA8AE34C21AFF /* UIColor+Extensions.swift */; };
		0D88AD16C2DAF48E372CCC94 /* UIDevice+Extensions.swift in Sources */ = {isa = PBXBuildFile; fileRef = DB1081E0C457B10140C16D18 /* UIDevice+Extensions.swift */; };
		0D8AE9920BAC782029772A9A /* RJSLib+Layouts.swift in Sources */ = {isa = PBXBuildFile; fileRef = 5B9142FE8EDFC2894E7543A3 /* RJSLib+Layouts.swift */; };
		12FE016B7FA9E4D8296E536B /* Array+Extensions.swift in Sources */ = {isa = PBXBuildFile; fileRef = 75E4CA0B59881484D35450CD /* Array+Extensions.swift */; };
		16690AFC07FB4401DE81C417 /* RJSLibUFBase.framework in Embed Frameworks */ = {isa = PBXBuildFile; fileRef = 9B0D02882E22945B619357BF /* RJSLibUFBase.framework */; settings = {ATTRIBUTES = (CodeSignOnCopy, RemoveHeadersOnCopy, ); }; };
		1B82EFA599D38B5C1E33FB35 /* UILabel+Styles.swift in Sources */ = {isa = PBXBuildFile; fileRef = D1E3907A2B3D4170943EB097 /* UILabel+Styles.swift */; };
		1E8965C5D1099F575A79C4BE /* RJSLibUFStorage.framework in Embed Frameworks */ = {isa = PBXBuildFile; fileRef = 5663A792FA44ED758B33CEE3 /* RJSLibUFStorage.framework */; settings = {ATTRIBUTES = (CodeSignOnCopy, RemoveHeadersOnCopy, ); }; };
		200B8D1AA391CDEDB82E5A38 /* FRPSimpleNetworkClientRequestModel.swift in Sources */ = {isa = PBXBuildFile; fileRef = 5C5179F140E449B617BF73B6 /* FRPSimpleNetworkClientRequestModel.swift */; };
		21ED7F7EE04D92B1502549BA /* RJPSLibDataModel.xcdatamodeld in Sources */ = {isa = PBXBuildFile; fileRef = 058CDCA81CF8A6FAF10211DE /* RJPSLibDataModel.xcdatamodeld */; };
		25711F608627D6777A181B1E /* LayoutSampleVC.swift in Sources */ = {isa = PBXBuildFile; fileRef = 8FAEA0CEB82D3206B3C63805 /* LayoutSampleVC.swift */; };
		290B6F311697A6A0EBAB16CE /* DispatchQueue+Extensions.swift in Sources */ = {isa = PBXBuildFile; fileRef = 0C171A2FEEF6FA01833222F5 /* DispatchQueue+Extensions.swift */; };
		2CE62C8E1119E6F517F203AB /* Publisher+Extensions.swift in Sources */ = {isa = PBXBuildFile; fileRef = 3EA71B58E2460816F99AAA33 /* Publisher+Extensions.swift */; };
		2E9F4E38678FF34DE3F59E17 /* NetworkAgentUtils.swift in Sources */ = {isa = PBXBuildFile; fileRef = 8030219D95E55B209268B832 /* NetworkAgentUtils.swift */; };
		3003A4C47201C5F1AEC7E1C7 /* KeychainWrapper.swift in Sources */ = {isa = PBXBuildFile; fileRef = EE416623464E3BA756541BA6 /* KeychainWrapper.swift */; };
		3325375682DA17820106CF56 /* JSONDecoder+Extensions.swift in Sources */ = {isa = PBXBuildFile; fileRef = 791EE6C2BAA8E363633AB12D /* JSONDecoder+Extensions.swift */; };
		355D14B778896B1F1838BD24 /* URLSession+Extensions.swift in Sources */ = {isa = PBXBuildFile; fileRef = 298D7BF19C08A07060EACF44 /* URLSession+Extensions.swift */; };
		35BBEE63F3A404BDD1A1E870 /* SizesNames.swift in Sources */ = {isa = PBXBuildFile; fileRef = 21B56BFBE719C0DF492DF799 /* SizesNames.swift */; };
		37A0793C89AE27014F7FD056 /* FRPSimpleNetworkAgent.swift in Sources */ = {isa = PBXBuildFile; fileRef = 24A240B26EFE9FE4546A7275 /* FRPSimpleNetworkAgent.swift */; };
		39EC35A077CAD72C491EC456 /* RJSLibUFStorage.framework in Embed Frameworks */ = {isa = PBXBuildFile; fileRef = 5663A792FA44ED758B33CEE3 /* RJSLibUFStorage.framework */; settings = {ATTRIBUTES = (CodeSignOnCopy, RemoveHeadersOnCopy, ); }; };
		3A133FF82384D55BE8621C29 /* Subscribers+Extentions.swift in Sources */ = {isa = PBXBuildFile; fileRef = 2397F2343F47EF7061AA7167 /* Subscribers+Extentions.swift */; };
		3D0E11D9B18CD524BCE0CC9D /* AppAndDeviceInfo.swift in Sources */ = {isa = PBXBuildFile; fileRef = 0C8B3310F8E120244CFFEC70 /* AppAndDeviceInfo.swift */; };
		4165345237773BEA106C105F /* View+Extension.swift in Sources */ = {isa = PBXBuildFile; fileRef = F04816759DC48EF2ACA1F7B3 /* View+Extension.swift */; };
		454F3A9282365B52799549CF /* Result+Extensions.swift in Sources */ = {isa = PBXBuildFile; fileRef = 5F9409F9A6DB102CB333BDBF /* Result+Extensions.swift */; };
		45AA93D4ACF68647DA1DE0AC /* UIKit+ExtensionsPainting .swift in Sources */ = {isa = PBXBuildFile; fileRef = EE4563715C0A1691E0369A2D /* UIKit+ExtensionsPainting .swift */; };
		47238BF90F62F5A895E97FEB /* FRPSampleAPI+ResponseDto.swift in Sources */ = {isa = PBXBuildFile; fileRef = 66D15344E24ACE89B667C103 /* FRPSampleAPI+ResponseDto.swift */; };
		47827EB2B32B931BB57BEA88 /* Assets.xcassets in Resources */ = {isa = PBXBuildFile; fileRef = B47F0DFB4CC87465CDAC5AD3 /* Assets.xcassets */; };
		48D5DC1442B2FD4B9F203637 /* RJSLibUFNetworking.framework in Embed Frameworks */ = {isa = PBXBuildFile; fileRef = DD4DEAB85D959C8F029F2E0F /* RJSLibUFNetworking.framework */; settings = {ATTRIBUTES = (CodeSignOnCopy, RemoveHeadersOnCopy, ); }; };
		497FDE25FE5E074547D10ED0 /* XCTestManifests.swift in Sources */ = {isa = PBXBuildFile; fileRef = 376D3D8960CF0F498200ED59 /* XCTestManifests.swift */; };
		4F38ECFE987B76785475F144 /* UIFont+Extensions.swift in Sources */ = {isa = PBXBuildFile; fileRef = A06985C402FFAD08178A63FA /* UIFont+Extensions.swift */; };
		533D81A0CDC8AD901A6CDBE1 /* LayoutStyle.swift in Sources */ = {isa = PBXBuildFile; fileRef = 14F51558A22F2306844E4F8D /* LayoutStyle.swift */; };
		5968F3FA36CDED89BC9D64D7 /* typealias.swift in Sources */ = {isa = PBXBuildFile; fileRef = 358CEAA7F2DAA2536AB20977 /* typealias.swift */; };
		5CB3687FA371651117EC686F /* NSMutableAttributedString+Extensions.swift in Sources */ = {isa = PBXBuildFile; fileRef = 320AC657937A2F57C8DE297A /* NSMutableAttributedString+Extensions.swift */; };
		5E2ED301FEFCB01A7396BD65 /* typealias.swift in Sources */ = {isa = PBXBuildFile; fileRef = 95727F8CD6B9E9042D54DFBB /* typealias.swift */; };
		5F8A5F8C37340495B57E7E27 /* Designables.swift in Sources */ = {isa = PBXBuildFile; fileRef = 261BCF7BEB851C7999853E79 /* Designables.swift */; };
		6454EDF57491998E4344630A /* KeychainWrapperSubscript.swift in Sources */ = {isa = PBXBuildFile; fileRef = B089DFA75540E1C1D8BADE8F /* KeychainWrapperSubscript.swift */; };
		652B2CE8D29571A2A5D60AF4 /* Error+Extensions.swift in Sources */ = {isa = PBXBuildFile; fileRef = 42155ABA571585E2E1CAD377 /* Error+Extensions.swift */; };
		6A52BFF163D041E2431A8B8F /* Logger.swift in Sources */ = {isa = PBXBuildFile; fileRef = C1498D0A21DE3DF2272E1C63 /* Logger.swift */; };
		71767B8C00E11455A7A3516D /* UIApplication+Extensions.swift in Sources */ = {isa = PBXBuildFile; fileRef = 30633A74869F9F0EBFA689B4 /* UIApplication+Extensions.swift */; };
		717C9D0A7991BDF7B850FCFE /* SynchronizedArray.swift in Sources */ = {isa = PBXBuildFile; fileRef = 47F41E47A3B3EA851B2C2CB3 /* SynchronizedArray.swift */; };
		754995950A77FDA3F3D4F519 /* UIView+Extensions.swift in Sources */ = {isa = PBXBuildFile; fileRef = A7D1072252EB41BDF9BCF108 /* UIView+Extensions.swift */; };
		75B1F0184CE426E4CE4B4FD4 /* RJSLib+UIImage.swift in Sources */ = {isa = PBXBuildFile; fileRef = 82372D2194F93D5D832941E0 /* RJSLib+UIImage.swift */; };
		77CF078F2A7C667584398706 /* RJSLibUFALayouts.framework in Frameworks */ = {isa = PBXBuildFile; fileRef = 5CB34C80F1CD1CE82B934F5E /* RJSLibUFALayouts.framework */; };
		77DC7E269C8A872711772C4F /* URLRequest+Extensions.swift in Sources */ = {isa = PBXBuildFile; fileRef = 23E17E2A4278DF107CD40749 /* URLRequest+Extensions.swift */; };
		7A5BDF86B07D893CDB69500A /* FRPSampleAPI+Requests.swift in Sources */ = {isa = PBXBuildFile; fileRef = 5E5450944B5B9CA8D5468F03 /* FRPSampleAPI+Requests.swift */; };
		81DF46753B3EE0FC24AB40F2 /* ResponseFormat.swift in Sources */ = {isa = PBXBuildFile; fileRef = 562A57B9DB30F949BF45A7C4 /* ResponseFormat.swift */; };
		840C2AD305E00157F4D7E8AD /* UIColor+Extensions.swift in Sources */ = {isa = PBXBuildFile; fileRef = 852CF81ADD9BE9C4338620D1 /* UIColor+Extensions.swift */; };
		8797BB6D3866A00D2B17E1BA /* HttpMethod.swift in Sources */ = {isa = PBXBuildFile; fileRef = 6B47E9551F803DAA62A08884 /* HttpMethod.swift */; };
		8979C1446B9DD30142B6AE51 /* RJSLibUFBase.framework in Embed Frameworks */ = {isa = PBXBuildFile; fileRef = 9B0D02882E22945B619357BF /* RJSLibUFBase.framework */; settings = {ATTRIBUTES = (CodeSignOnCopy, RemoveHeadersOnCopy, ); }; };
		89BA691142297CCFEE50BE0F /* typealias.swift in Sources */ = {isa = PBXBuildFile; fileRef = 0EC8F6B796D0F413F0685949 /* typealias.swift */; };
		8BAF022030F76910D66FFE87 /* DataModelEntity+Cache.swift in Sources */ = {isa = PBXBuildFile; fileRef = 9001C93FC16BE0259978FA36 /* DataModelEntity+Cache.swift */; };
		8DBBB17A32C66D2174EC69D8 /* UIButton+Extensions.swift in Sources */ = {isa = PBXBuildFile; fileRef = A78C58F3CF16DA95563B5080 /* UIButton+Extensions.swift */; };
		9030C046542AA72A462F1BE8 /* AppDelegate.swift in Sources */ = {isa = PBXBuildFile; fileRef = 9FF37213AD82CB78CAB51EA0 /* AppDelegate.swift */; };
		943EE4020B119085FC459D53 /* FRPSampleAPI+RequestsBuilder.swift in Sources */ = {isa = PBXBuildFile; fileRef = C9B2362B8015B26023D2D549 /* FRPSampleAPI+RequestsBuilder.swift */; };
		94B61CCEB1367AC05EB160DD /* Constants.swift in Sources */ = {isa = PBXBuildFile; fileRef = F41603EE15ECB31E196F82C5 /* Constants.swift */; };
		98F2600D57028EC1277BD739 /* Storages+NSUserDefaults.swift in Sources */ = {isa = PBXBuildFile; fileRef = 36462EDA8F79E4CBA1068F05 /* Storages+NSUserDefaults.swift */; };
		9B1FC0343519A9101B0BF721 /* Image+Extensions.swift in Sources */ = {isa = PBXBuildFile; fileRef = 4CACE777019AC12589FB6470 /* Image+Extensions.swift */; };
		9B776510B782FC13148D5414 /* Storages+HotCache.swift in Sources */ = {isa = PBXBuildFile; fileRef = B7A3598B58B1A47636177F9B /* Storages+HotCache.swift */; };
		9D017F33813AAD94002E1EA9 /* LaunchScreen.storyboard in Resources */ = {isa = PBXBuildFile; fileRef = 04DA12F8E849FB0732CB8608 /* LaunchScreen.storyboard */; };
		9D455438C93D4FF67C513144 /* Cronometer.swift in Sources */ = {isa = PBXBuildFile; fileRef = C4513A616035A65FE7C6CCEF /* Cronometer.swift */; };
		A1F3FC5B20EF110087B94509 /* CoreDataManager.swift in Sources */ = {isa = PBXBuildFile; fileRef = BB5513E91F9443C2978C8E0E /* CoreDataManager.swift */; };
		A26E9B849C90CE5989972AB0 /* RJSLibUFAppThemes.framework in Embed Frameworks */ = {isa = PBXBuildFile; fileRef = F20CF5BF19068E6B3A1440D1 /* RJSLibUFAppThemes.framework */; settings = {ATTRIBUTES = (CodeSignOnCopy, RemoveHeadersOnCopy, ); }; };
		A2C30FA1342F1B02C12D7631 /* RJSLib+UIViewController.swift in Sources */ = {isa = PBXBuildFile; fileRef = D72FF8069A32B39CE9556041 /* RJSLib+UIViewController.swift */; };
		A559349D65282B242629C1AB /* Storages+KeyChain.swift in Sources */ = {isa = PBXBuildFile; fileRef = 0352521CC64C5A07B50BB163 /* Storages+KeyChain.swift */; };
		A742B0FEF6934DE72D929A4E /* UIStackView+Extensions.swift in Sources */ = {isa = PBXBuildFile; fileRef = 04DF4D6C31CE69692B46AE44 /* UIStackView+Extensions.swift */; };
		ADAAFDD2C1394D365CEC1B70 /* Date+Extensions.swift in Sources */ = {isa = PBXBuildFile; fileRef = EA56AF4BFFFCB3727EB3938D /* Date+Extensions.swift */; };
		B2926679602E90131F2E3503 /* FRPSimpleNetworkClientAPIError.swift in Sources */ = {isa = PBXBuildFile; fileRef = C18D3977749BCC51F16648DD /* FRPSimpleNetworkClientAPIError.swift */; };
		B558F1590B0D2F7C8FE15651 /* typealias.swift in Sources */ = {isa = PBXBuildFile; fileRef = 22385C3AFA90258220F4C4F8 /* typealias.swift */; };
		B7641C283BD50443F564601B /* RJSLib+UIView.swift in Sources */ = {isa = PBXBuildFile; fileRef = D89E707349666725E8E46048 /* RJSLib+UIView.swift */; };
		BA94862B61F9757FF9542136 /* RJSLib.swift in Sources */ = {isa = PBXBuildFile; fileRef = 4923D82CCA83E70F31D41134 /* RJSLib.swift */; };
		BD6FA3D9A1EE8F1B1C8BF60D /* PermissionsManager.swift in Sources */ = {isa = PBXBuildFile; fileRef = AC8F8854563A612770551D88 /* PermissionsManager.swift */; };
		BDA7F783E5929B93E78DDDD8 /* Auxiliar.swift in Sources */ = {isa = PBXBuildFile; fileRef = E8F716AF5BB0E767F51DE1DF /* Auxiliar.swift */; };
		BEDD658CC7CD8AA6542E2611 /* FRPSampleAPI+RequestDto.swift in Sources */ = {isa = PBXBuildFile; fileRef = ECC852C99C164CBD22F90256 /* FRPSampleAPI+RequestDto.swift */; };
		BFC7C9FA577722B45B2D0A01 /* RJSLibraryExtension.swift in Sources */ = {isa = PBXBuildFile; fileRef = 5A0620F4B1D5D48E817CCDA3 /* RJSLibraryExtension.swift */; };
		C1A6218D5BF95CB64521224F /* Storages+Files.swift in Sources */ = {isa = PBXBuildFile; fileRef = A530E5DD62B601A634395AD4 /* Storages+Files.swift */; };
		C2216693E2FAA9D7891FD6D6 /* DesignLanguageVC.swift in Sources */ = {isa = PBXBuildFile; fileRef = AC230213429314325192AF59 /* DesignLanguageVC.swift */; };
		C29F2AF694D1F2AFE12C69D5 /* Combine+Extensions.swift in Sources */ = {isa = PBXBuildFile; fileRef = 5F38550A8CC6C3DADF0D438E /* Combine+Extensions.swift */; };
		C345DAA53C291F1F2B58EA04 /* RJSLibUFNetworking.framework in Frameworks */ = {isa = PBXBuildFile; fileRef = DD4DEAB85D959C8F029F2E0F /* RJSLibUFNetworking.framework */; };
		C380DDB5A07D18C5D050FF4C /* BasicNetworkClient.swift in Sources */ = {isa = PBXBuildFile; fileRef = E37B1E06D2BD304AA97A0984 /* BasicNetworkClient.swift */; };
		C46D9D612E854F46EFB93269 /* CacheProtocols.swift in Sources */ = {isa = PBXBuildFile; fileRef = 9EF5A2A7667B69536AC80B30 /* CacheProtocols.swift */; };
		C59DC37B0EF6EEFC5526770B /* FRPSampleAPI.swift in Sources */ = {isa = PBXBuildFile; fileRef = 37537855417BE4B538975D68 /* FRPSampleAPI.swift */; };
		C68D4EA821DDA6E35845FFEF /* Convert.swift in Sources */ = {isa = PBXBuildFile; fileRef = 00774175ED0E71825EEA4F95 /* Convert.swift */; };
		CAAC19BB3282B1DBB689E71B /* FadeType.swift in Sources */ = {isa = PBXBuildFile; fileRef = 534E63FCF5262402B148F190 /* FadeType.swift */; };
		CCD19BD01143FDABDA266E15 /* RJSLibUFALayouts.framework in Embed Frameworks */ = {isa = PBXBuildFile; fileRef = 5CB34C80F1CD1CE82B934F5E /* RJSLibUFALayouts.framework */; settings = {ATTRIBUTES = (CodeSignOnCopy, RemoveHeadersOnCopy, ); }; };
		D721F15CD0A2521AD72E0860 /* RJSLibUFBase.framework in Frameworks */ = {isa = PBXBuildFile; fileRef = 9B0D02882E22945B619357BF /* RJSLibUFBase.framework */; };
		D733D7041B511A03BEA97F87 /* NSObject+Extensions.swift in Sources */ = {isa = PBXBuildFile; fileRef = 3CD3374E2B2FAFC282B92508 /* NSObject+Extensions.swift */; };
		D7513F3FE5CFB3E521F65790 /* Just+Extensions.swift in Sources */ = {isa = PBXBuildFile; fileRef = CC103409834D898F5EA978BE /* Just+Extensions.swift */; };
		D8B498ADCD7A15B2143BAC94 /* Designables+SearchBar.swift in Sources */ = {isa = PBXBuildFile; fileRef = 37F1A6C59E51C00A24DEF8E8 /* Designables+SearchBar.swift */; };
		D9DF80C5F08654703EBED4C4 /* RJSLibNetworkClientErrorsManager.swift in Sources */ = {isa = PBXBuildFile; fileRef = 4CAD80AE21451C16325238A0 /* RJSLibNetworkClientErrorsManager.swift */; };
		DB68E509A2B4BADB25EB4720 /* RJSLibUFALayouts.framework in Embed Frameworks */ = {isa = PBXBuildFile; fileRef = 5CB34C80F1CD1CE82B934F5E /* RJSLibUFALayouts.framework */; settings = {ATTRIBUTES = (CodeSignOnCopy, RemoveHeadersOnCopy, ); }; };
		DE2648DFACC178E68B036107 /* RJSLibUFStorage.framework in Frameworks */ = {isa = PBXBuildFile; fileRef = 5663A792FA44ED758B33CEE3 /* RJSLibUFStorage.framework */; };
		DF5D5636953F683FABD32C28 /* String+Extensions.swift in Sources */ = {isa = PBXBuildFile; fileRef = 9E01E5B1BD88CE3F012D19D2 /* String+Extensions.swift */; };
		E1134D5519FCBBEF62ED98A3 /* KeychainItemAccessibility.swift in Sources */ = {isa = PBXBuildFile; fileRef = 53934FB2C1983DC84D983683 /* KeychainItemAccessibility.swift */; };
		E195B820DC7F91355526AA57 /* RJSLibUFNetworking.framework in Embed Frameworks */ = {isa = PBXBuildFile; fileRef = DD4DEAB85D959C8F029F2E0F /* RJSLibUFNetworking.framework */; settings = {ATTRIBUTES = (CodeSignOnCopy, RemoveHeadersOnCopy, ); }; };
		E2947B5BE100A66AACB3CF59 /* RangeReplaceableCollection+Extensions.swift in Sources */ = {isa = PBXBuildFile; fileRef = 766825849FDB8E31649DCB77 /* RangeReplaceableCollection+Extensions.swift */; };
		E5C5F50CE9DFE5E3A06B4C6B /* UILabel+Extensions.swift in Sources */ = {isa = PBXBuildFile; fileRef = C7CD26E5D953535DAB3FAFED /* UILabel+Extensions.swift */; };
		EA4853C40EDFAA2053DE60EC /* SimpleNetworkClient.swift in Sources */ = {isa = PBXBuildFile; fileRef = 2E82991E0B7AD8D28C8C7601 /* SimpleNetworkClient.swift */; };
		EB7D7D0D67BE0A2D91B8F544 /* RJSLibUFAppThemes.framework in Frameworks */ = {isa = PBXBuildFile; fileRef = F20CF5BF19068E6B3A1440D1 /* RJSLibUFAppThemes.framework */; };
		ECC5B7F9043ED2EC1FB8B2B5 /* RJSLib+UIImageView.swift in Sources */ = {isa = PBXBuildFile; fileRef = 27AE13D7F07E7FFD10897745 /* RJSLib+UIImageView.swift */; };
		F115AF970D13A4974A5F5AB3 /* UIButton+Styles.swift in Sources */ = {isa = PBXBuildFile; fileRef = 0BA6A6F7B5DE80761690EBD4 /* UIButton+Styles.swift */; };
		F39ABE1FB37F00907A51225B /* FRPSampleAPI+Sample.swift in Sources */ = {isa = PBXBuildFile; fileRef = 88E53CA2AAB3B954FC3D38FC /* FRPSampleAPI+Sample.swift */; };
		F4FF5663D962D5BC0878AA10 /* BaseUtils.swift in Sources */ = {isa = PBXBuildFile; fileRef = 83BF1CC93A8AB6C3C9D8FBA5 /* BaseUtils.swift */; };
		F9F43DB72F98D295652F345F /* RJSLibUFTests.swift in Sources */ = {isa = PBXBuildFile; fileRef = 0652B9E5CB537C1CF8A62DBA /* RJSLibUFTests.swift */; };
		FB1D8EED1F063B919C918060 /* Reachability.swift in Sources */ = {isa = PBXBuildFile; fileRef = 0F974797C9A0005D87575409 /* Reachability.swift */; };
		FD24E0A8E77F7C31F66875FD /* UIView+StackView.swift in Sources */ = {isa = PBXBuildFile; fileRef = EA1A1D59C7677284BFE22E92 /* UIView+StackView.swift */; };
/* End PBXBuildFile section */

/* Begin PBXContainerItemProxy section */
		095AD3E4BBC61F6F7184DB6B /* PBXContainerItemProxy */ = {
			isa = PBXContainerItemProxy;
			containerPortal = 9A55C7D2FC9B16284E786939 /* Project object */;
			proxyType = 1;
			remoteGlobalIDString = 42E1B9A13685A52F372C57E2;
			remoteInfo = RJSLibUFBase;
		};
		1A753E8C3D66680ECCF070C5 /* PBXContainerItemProxy */ = {
			isa = PBXContainerItemProxy;
			containerPortal = 9A55C7D2FC9B16284E786939 /* Project object */;
			proxyType = 1;
			remoteGlobalIDString = 42E1B9A13685A52F372C57E2;
			remoteInfo = RJSLibUFBase;
		};
		2C07608B17911208042EE91E /* PBXContainerItemProxy */ = {
			isa = PBXContainerItemProxy;
			containerPortal = 9A55C7D2FC9B16284E786939 /* Project object */;
			proxyType = 1;
			remoteGlobalIDString = 29076AD065BCB5D46B11448E;
			remoteInfo = RJSLibUFAppThemes;
		};
		5433D5FB7BFA84C9970DA5F0 /* PBXContainerItemProxy */ = {
			isa = PBXContainerItemProxy;
			containerPortal = 9A55C7D2FC9B16284E786939 /* Project object */;
			proxyType = 1;
			remoteGlobalIDString = 42E1B9A13685A52F372C57E2;
			remoteInfo = RJSLibUFBase;
		};
		73081D935D63636BD9626CAA /* PBXContainerItemProxy */ = {
			isa = PBXContainerItemProxy;
			containerPortal = 9A55C7D2FC9B16284E786939 /* Project object */;
			proxyType = 1;
			remoteGlobalIDString = 42E1B9A13685A52F372C57E2;
			remoteInfo = RJSLibUFBase;
		};
		7B9855ABE5A6FF7A1283808B /* PBXContainerItemProxy */ = {
			isa = PBXContainerItemProxy;
			containerPortal = 9A55C7D2FC9B16284E786939 /* Project object */;
			proxyType = 1;
			remoteGlobalIDString = F7AFF84E87F8A52C4E9B57C7;
			remoteInfo = RJSLibUFNetworking;
		};
		7E64780974528A109E2F7BFF /* PBXContainerItemProxy */ = {
			isa = PBXContainerItemProxy;
			containerPortal = 9A55C7D2FC9B16284E786939 /* Project object */;
			proxyType = 1;
			remoteGlobalIDString = C03B410A072A8EAA3E02F347;
			remoteInfo = RJSLibUFALayouts;
		};
		96E232E74B421A4BBE814B0A /* PBXContainerItemProxy */ = {
			isa = PBXContainerItemProxy;
			containerPortal = 9A55C7D2FC9B16284E786939 /* Project object */;
			proxyType = 1;
			remoteGlobalIDString = F7AFF84E87F8A52C4E9B57C7;
			remoteInfo = RJSLibUFNetworking;
		};
		AF3D2AF62B7CFB748E5FE5F6 /* PBXContainerItemProxy */ = {
			isa = PBXContainerItemProxy;
			containerPortal = 9A55C7D2FC9B16284E786939 /* Project object */;
			proxyType = 1;
			remoteGlobalIDString = 42E1B9A13685A52F372C57E2;
			remoteInfo = RJSLibUFBase;
		};
		CBCA080722AD83C1C9795923 /* PBXContainerItemProxy */ = {
			isa = PBXContainerItemProxy;
			containerPortal = 9A55C7D2FC9B16284E786939 /* Project object */;
			proxyType = 1;
			remoteGlobalIDString = DD5DB873B6568D23F0A459B5;
			remoteInfo = SampleApp;
		};
		DE747E5594BDD2A074EFFC8F /* PBXContainerItemProxy */ = {
			isa = PBXContainerItemProxy;
			containerPortal = 9A55C7D2FC9B16284E786939 /* Project object */;
			proxyType = 1;
			remoteGlobalIDString = 42E1B9A13685A52F372C57E2;
			remoteInfo = RJSLibUFBase;
		};
		E5510BA343874522C7072D41 /* PBXContainerItemProxy */ = {
			isa = PBXContainerItemProxy;
			containerPortal = 9A55C7D2FC9B16284E786939 /* Project object */;
			proxyType = 1;
			remoteGlobalIDString = C03B410A072A8EAA3E02F347;
			remoteInfo = RJSLibUFALayouts;
		};
		ECA7F0ACAA1C9C8503D0C210 /* PBXContainerItemProxy */ = {
			isa = PBXContainerItemProxy;
			containerPortal = 9A55C7D2FC9B16284E786939 /* Project object */;
			proxyType = 1;
			remoteGlobalIDString = C97BD5EFFDE5F2C30F1C1069;
			remoteInfo = RJSLibUFStorage;
		};
		FC24F1692F246013ED7CAD0A /* PBXContainerItemProxy */ = {
			isa = PBXContainerItemProxy;
			containerPortal = 9A55C7D2FC9B16284E786939 /* Project object */;
			proxyType = 1;
			remoteGlobalIDString = C97BD5EFFDE5F2C30F1C1069;
			remoteInfo = RJSLibUFStorage;
		};
/* End PBXContainerItemProxy section */

/* Begin PBXCopyFilesBuildPhase section */
		BEA4620CBA94AB53849331CE /* Embed Frameworks */ = {
			isa = PBXCopyFilesBuildPhase;
			buildActionMask = 2147483647;
			dstPath = "";
			dstSubfolderSpec = 10;
			files = (
				16690AFC07FB4401DE81C417 /* RJSLibUFBase.framework in Embed Frameworks */,
				48D5DC1442B2FD4B9F203637 /* RJSLibUFNetworking.framework in Embed Frameworks */,
				CCD19BD01143FDABDA266E15 /* RJSLibUFALayouts.framework in Embed Frameworks */,
				1E8965C5D1099F575A79C4BE /* RJSLibUFStorage.framework in Embed Frameworks */,
			);
			name = "Embed Frameworks";
			runOnlyForDeploymentPostprocessing = 0;
		};
		DB889B48F4846C45685C6597 /* Embed Frameworks */ = {
			isa = PBXCopyFilesBuildPhase;
			buildActionMask = 2147483647;
			dstPath = "";
			dstSubfolderSpec = 10;
			files = (
				8979C1446B9DD30142B6AE51 /* RJSLibUFBase.framework in Embed Frameworks */,
				A26E9B849C90CE5989972AB0 /* RJSLibUFAppThemes.framework in Embed Frameworks */,
				E195B820DC7F91355526AA57 /* RJSLibUFNetworking.framework in Embed Frameworks */,
				DB68E509A2B4BADB25EB4720 /* RJSLibUFALayouts.framework in Embed Frameworks */,
				39EC35A077CAD72C491EC456 /* RJSLibUFStorage.framework in Embed Frameworks */,
			);
			name = "Embed Frameworks";
			runOnlyForDeploymentPostprocessing = 0;
		};
/* End PBXCopyFilesBuildPhase section */

/* Begin PBXFileReference section */
		00774175ED0E71825EEA4F95 /* Convert.swift */ = {isa = PBXFileReference; lastKnownFileType = sourcecode.swift; path = Convert.swift; sourceTree = "<group>"; };
		0352521CC64C5A07B50BB163 /* Storages+KeyChain.swift */ = {isa = PBXFileReference; lastKnownFileType = sourcecode.swift; path = "Storages+KeyChain.swift"; sourceTree = "<group>"; };
		04DF4D6C31CE69692B46AE44 /* UIStackView+Extensions.swift */ = {isa = PBXFileReference; lastKnownFileType = sourcecode.swift; path = "UIStackView+Extensions.swift"; sourceTree = "<group>"; };
		0652B9E5CB537C1CF8A62DBA /* RJSLibUFTests.swift */ = {isa = PBXFileReference; lastKnownFileType = sourcecode.swift; path = RJSLibUFTests.swift; sourceTree = "<group>"; };
		0BA6A6F7B5DE80761690EBD4 /* UIButton+Styles.swift */ = {isa = PBXFileReference; lastKnownFileType = sourcecode.swift; path = "UIButton+Styles.swift"; sourceTree = "<group>"; };
		0C171A2FEEF6FA01833222F5 /* DispatchQueue+Extensions.swift */ = {isa = PBXFileReference; lastKnownFileType = sourcecode.swift; path = "DispatchQueue+Extensions.swift"; sourceTree = "<group>"; };
		0C8B3310F8E120244CFFEC70 /* AppAndDeviceInfo.swift */ = {isa = PBXFileReference; lastKnownFileType = sourcecode.swift; path = AppAndDeviceInfo.swift; sourceTree = "<group>"; };
		0EC8F6B796D0F413F0685949 /* typealias.swift */ = {isa = PBXFileReference; lastKnownFileType = sourcecode.swift; path = typealias.swift; sourceTree = "<group>"; };
		0F974797C9A0005D87575409 /* Reachability.swift */ = {isa = PBXFileReference; lastKnownFileType = sourcecode.swift; path = Reachability.swift; sourceTree = "<group>"; };
		0F9AEDBD47B80AD806858034 /* Info.plist */ = {isa = PBXFileReference; lastKnownFileType = text.plist; path = Info.plist; sourceTree = "<group>"; };
		14F51558A22F2306844E4F8D /* LayoutStyle.swift */ = {isa = PBXFileReference; lastKnownFileType = sourcecode.swift; path = LayoutStyle.swift; sourceTree = "<group>"; };
		21B56BFBE719C0DF492DF799 /* SizesNames.swift */ = {isa = PBXFileReference; lastKnownFileType = sourcecode.swift; path = SizesNames.swift; sourceTree = "<group>"; };
		22385C3AFA90258220F4C4F8 /* typealias.swift */ = {isa = PBXFileReference; lastKnownFileType = sourcecode.swift; path = typealias.swift; sourceTree = "<group>"; };
		2397F2343F47EF7061AA7167 /* Subscribers+Extentions.swift */ = {isa = PBXFileReference; lastKnownFileType = sourcecode.swift; path = "Subscribers+Extentions.swift"; sourceTree = "<group>"; };
		23E17E2A4278DF107CD40749 /* URLRequest+Extensions.swift */ = {isa = PBXFileReference; lastKnownFileType = sourcecode.swift; path = "URLRequest+Extensions.swift"; sourceTree = "<group>"; };
		24A240B26EFE9FE4546A7275 /* FRPSimpleNetworkAgent.swift */ = {isa = PBXFileReference; lastKnownFileType = sourcecode.swift; path = FRPSimpleNetworkAgent.swift; sourceTree = "<group>"; };
		261BCF7BEB851C7999853E79 /* Designables.swift */ = {isa = PBXFileReference; lastKnownFileType = sourcecode.swift; path = Designables.swift; sourceTree = "<group>"; };
		27AE13D7F07E7FFD10897745 /* RJSLib+UIImageView.swift */ = {isa = PBXFileReference; lastKnownFileType = sourcecode.swift; path = "RJSLib+UIImageView.swift"; sourceTree = "<group>"; };
		298D7BF19C08A07060EACF44 /* URLSession+Extensions.swift */ = {isa = PBXFileReference; lastKnownFileType = sourcecode.swift; path = "URLSession+Extensions.swift"; sourceTree = "<group>"; };
		2E82991E0B7AD8D28C8C7601 /* SimpleNetworkClient.swift */ = {isa = PBXFileReference; lastKnownFileType = sourcecode.swift; path = SimpleNetworkClient.swift; sourceTree = "<group>"; };
		30633A74869F9F0EBFA689B4 /* UIApplication+Extensions.swift */ = {isa = PBXFileReference; lastKnownFileType = sourcecode.swift; path = "UIApplication+Extensions.swift"; sourceTree = "<group>"; };
		320AC657937A2F57C8DE297A /* NSMutableAttributedString+Extensions.swift */ = {isa = PBXFileReference; lastKnownFileType = sourcecode.swift; path = "NSMutableAttributedString+Extensions.swift"; sourceTree = "<group>"; };
		351A3F115077BE91BD27A9A1 /* RJPSLibDataModel.xcdatamodel */ = {isa = PBXFileReference; lastKnownFileType = wrapper.xcdatamodel; path = RJPSLibDataModel.xcdatamodel; sourceTree = "<group>"; };
		358CEAA7F2DAA2536AB20977 /* typealias.swift */ = {isa = PBXFileReference; lastKnownFileType = sourcecode.swift; path = typealias.swift; sourceTree = "<group>"; };
		36462EDA8F79E4CBA1068F05 /* Storages+NSUserDefaults.swift */ = {isa = PBXFileReference; lastKnownFileType = sourcecode.swift; path = "Storages+NSUserDefaults.swift"; sourceTree = "<group>"; };
		3705B8C7B7BBDDF81BE8DBEF /* Info.plist */ = {isa = PBXFileReference; lastKnownFileType = text.plist; path = Info.plist; sourceTree = "<group>"; };
		37537855417BE4B538975D68 /* FRPSampleAPI.swift */ = {isa = PBXFileReference; lastKnownFileType = sourcecode.swift; path = FRPSampleAPI.swift; sourceTree = "<group>"; };
		376D3D8960CF0F498200ED59 /* XCTestManifests.swift */ = {isa = PBXFileReference; lastKnownFileType = sourcecode.swift; path = XCTestManifests.swift; sourceTree = "<group>"; };
		37F1A6C59E51C00A24DEF8E8 /* Designables+SearchBar.swift */ = {isa = PBXFileReference; lastKnownFileType = sourcecode.swift; path = "Designables+SearchBar.swift"; sourceTree = "<group>"; };
		3CD3374E2B2FAFC282B92508 /* NSObject+Extensions.swift */ = {isa = PBXFileReference; lastKnownFileType = sourcecode.swift; path = "NSObject+Extensions.swift"; sourceTree = "<group>"; };
		3EA71B58E2460816F99AAA33 /* Publisher+Extensions.swift */ = {isa = PBXFileReference; lastKnownFileType = sourcecode.swift; path = "Publisher+Extensions.swift"; sourceTree = "<group>"; };
		42155ABA571585E2E1CAD377 /* Error+Extensions.swift */ = {isa = PBXFileReference; lastKnownFileType = sourcecode.swift; path = "Error+Extensions.swift"; sourceTree = "<group>"; };
		45E7218F92E9CCF069ED1659 /* SampleApp.entitlements */ = {isa = PBXFileReference; lastKnownFileType = text.plist.entitlements; path = SampleApp.entitlements; sourceTree = "<group>"; };
		47F41E47A3B3EA851B2C2CB3 /* SynchronizedArray.swift */ = {isa = PBXFileReference; lastKnownFileType = sourcecode.swift; path = SynchronizedArray.swift; sourceTree = "<group>"; };
		4923D82CCA83E70F31D41134 /* RJSLib.swift */ = {isa = PBXFileReference; lastKnownFileType = sourcecode.swift; path = RJSLib.swift; sourceTree = "<group>"; };
		4CACE777019AC12589FB6470 /* Image+Extensions.swift */ = {isa = PBXFileReference; lastKnownFileType = sourcecode.swift; path = "Image+Extensions.swift"; sourceTree = "<group>"; };
		4CAD80AE21451C16325238A0 /* RJSLibNetworkClientErrorsManager.swift */ = {isa = PBXFileReference; lastKnownFileType = sourcecode.swift; path = RJSLibNetworkClientErrorsManager.swift; sourceTree = "<group>"; };
		534E63FCF5262402B148F190 /* FadeType.swift */ = {isa = PBXFileReference; lastKnownFileType = sourcecode.swift; path = FadeType.swift; sourceTree = "<group>"; };
		53934FB2C1983DC84D983683 /* KeychainItemAccessibility.swift */ = {isa = PBXFileReference; lastKnownFileType = sourcecode.swift; path = KeychainItemAccessibility.swift; sourceTree = "<group>"; };
		562A57B9DB30F949BF45A7C4 /* ResponseFormat.swift */ = {isa = PBXFileReference; lastKnownFileType = sourcecode.swift; path = ResponseFormat.swift; sourceTree = "<group>"; };
		5663A792FA44ED758B33CEE3 /* RJSLibUFStorage.framework */ = {isa = PBXFileReference; explicitFileType = wrapper.framework; includeInIndex = 0; path = RJSLibUFStorage.framework; sourceTree = BUILT_PRODUCTS_DIR; };
		5A0620F4B1D5D48E817CCDA3 /* RJSLibraryExtension.swift */ = {isa = PBXFileReference; lastKnownFileType = sourcecode.swift; path = RJSLibraryExtension.swift; sourceTree = "<group>"; };
		5B9142FE8EDFC2894E7543A3 /* RJSLib+Layouts.swift */ = {isa = PBXFileReference; lastKnownFileType = sourcecode.swift; path = "RJSLib+Layouts.swift"; sourceTree = "<group>"; };
		5C5179F140E449B617BF73B6 /* FRPSimpleNetworkClientRequestModel.swift */ = {isa = PBXFileReference; lastKnownFileType = sourcecode.swift; path = FRPSimpleNetworkClientRequestModel.swift; sourceTree = "<group>"; };
		5CB34C80F1CD1CE82B934F5E /* RJSLibUFALayouts.framework */ = {isa = PBXFileReference; explicitFileType = wrapper.framework; includeInIndex = 0; path = RJSLibUFALayouts.framework; sourceTree = BUILT_PRODUCTS_DIR; };
		5E5450944B5B9CA8D5468F03 /* FRPSampleAPI+Requests.swift */ = {isa = PBXFileReference; lastKnownFileType = sourcecode.swift; path = "FRPSampleAPI+Requests.swift"; sourceTree = "<group>"; };
		5F38550A8CC6C3DADF0D438E /* Combine+Extensions.swift */ = {isa = PBXFileReference; lastKnownFileType = sourcecode.swift; path = "Combine+Extensions.swift"; sourceTree = "<group>"; };
		5F9409F9A6DB102CB333BDBF /* Result+Extensions.swift */ = {isa = PBXFileReference; lastKnownFileType = sourcecode.swift; path = "Result+Extensions.swift"; sourceTree = "<group>"; };
		66D0A682BF07621D4EEE8180 /* RJSLibNetworkClientResponse.swift */ = {isa = PBXFileReference; lastKnownFileType = sourcecode.swift; path = RJSLibNetworkClientResponse.swift; sourceTree = "<group>"; };
		66D15344E24ACE89B667C103 /* FRPSampleAPI+ResponseDto.swift */ = {isa = PBXFileReference; lastKnownFileType = sourcecode.swift; path = "FRPSampleAPI+ResponseDto.swift"; sourceTree = "<group>"; };
		6B47E9551F803DAA62A08884 /* HttpMethod.swift */ = {isa = PBXFileReference; lastKnownFileType = sourcecode.swift; path = HttpMethod.swift; sourceTree = "<group>"; };
		6BE30387A48FB49EE3AFFC55 /* Base */ = {isa = PBXFileReference; lastKnownFileType = file.storyboard; name = Base; path = Base.lproj/LaunchScreen.storyboard; sourceTree = "<group>"; };
		72E16F7C1ADBA8AE34C21AFF /* UIColor+Extensions.swift */ = {isa = PBXFileReference; lastKnownFileType = sourcecode.swift; path = "UIColor+Extensions.swift"; sourceTree = "<group>"; };
		75E4CA0B59881484D35450CD /* Array+Extensions.swift */ = {isa = PBXFileReference; lastKnownFileType = sourcecode.swift; path = "Array+Extensions.swift"; sourceTree = "<group>"; };
		766825849FDB8E31649DCB77 /* RangeReplaceableCollection+Extensions.swift */ = {isa = PBXFileReference; lastKnownFileType = sourcecode.swift; path = "RangeReplaceableCollection+Extensions.swift"; sourceTree = "<group>"; };
		791EE6C2BAA8E363633AB12D /* JSONDecoder+Extensions.swift */ = {isa = PBXFileReference; lastKnownFileType = sourcecode.swift; path = "JSONDecoder+Extensions.swift"; sourceTree = "<group>"; };
		8030219D95E55B209268B832 /* NetworkAgentUtils.swift */ = {isa = PBXFileReference; lastKnownFileType = sourcecode.swift; path = NetworkAgentUtils.swift; sourceTree = "<group>"; };
		82372D2194F93D5D832941E0 /* RJSLib+UIImage.swift */ = {isa = PBXFileReference; lastKnownFileType = sourcecode.swift; path = "RJSLib+UIImage.swift"; sourceTree = "<group>"; };
		83BF1CC93A8AB6C3C9D8FBA5 /* BaseUtils.swift */ = {isa = PBXFileReference; lastKnownFileType = sourcecode.swift; path = BaseUtils.swift; sourceTree = "<group>"; };
		852CF81ADD9BE9C4338620D1 /* UIColor+Extensions.swift */ = {isa = PBXFileReference; lastKnownFileType = sourcecode.swift; path = "UIColor+Extensions.swift"; sourceTree = "<group>"; };
		88E53CA2AAB3B954FC3D38FC /* FRPSampleAPI+Sample.swift */ = {isa = PBXFileReference; lastKnownFileType = sourcecode.swift; path = "FRPSampleAPI+Sample.swift"; sourceTree = "<group>"; };
		8EDD993373DA46E378B05E1B /* SampleApp.app */ = {isa = PBXFileReference; includeInIndex = 0; lastKnownFileType = wrapper.application; path = SampleApp.app; sourceTree = BUILT_PRODUCTS_DIR; };
		8FAEA0CEB82D3206B3C63805 /* LayoutSampleVC.swift */ = {isa = PBXFileReference; lastKnownFileType = sourcecode.swift; path = LayoutSampleVC.swift; sourceTree = "<group>"; };
		9001C93FC16BE0259978FA36 /* DataModelEntity+Cache.swift */ = {isa = PBXFileReference; lastKnownFileType = sourcecode.swift; path = "DataModelEntity+Cache.swift"; sourceTree = "<group>"; };
		95727F8CD6B9E9042D54DFBB /* typealias.swift */ = {isa = PBXFileReference; lastKnownFileType = sourcecode.swift; path = typealias.swift; sourceTree = "<group>"; };
		9B0D02882E22945B619357BF /* RJSLibUFBase.framework */ = {isa = PBXFileReference; explicitFileType = wrapper.framework; includeInIndex = 0; path = RJSLibUFBase.framework; sourceTree = BUILT_PRODUCTS_DIR; };
		9B97F29DD575577798A9882B /* MyLibraryTests.xctest */ = {isa = PBXFileReference; includeInIndex = 0; lastKnownFileType = wrapper.cfbundle; path = MyLibraryTests.xctest; sourceTree = BUILT_PRODUCTS_DIR; };
		9E01E5B1BD88CE3F012D19D2 /* String+Extensions.swift */ = {isa = PBXFileReference; lastKnownFileType = sourcecode.swift; path = "String+Extensions.swift"; sourceTree = "<group>"; };
		9E208566FF0F6E83669A36FA /* Info.plist */ = {isa = PBXFileReference; lastKnownFileType = text.plist; path = Info.plist; sourceTree = "<group>"; };
		9EF5A2A7667B69536AC80B30 /* CacheProtocols.swift */ = {isa = PBXFileReference; lastKnownFileType = sourcecode.swift; path = CacheProtocols.swift; sourceTree = "<group>"; };
		9FDD495DC88792F902CE419D /* Info.plist */ = {isa = PBXFileReference; lastKnownFileType = text.plist; path = Info.plist; sourceTree = "<group>"; };
		9FF37213AD82CB78CAB51EA0 /* AppDelegate.swift */ = {isa = PBXFileReference; lastKnownFileType = sourcecode.swift; path = AppDelegate.swift; sourceTree = "<group>"; };
		A06985C402FFAD08178A63FA /* UIFont+Extensions.swift */ = {isa = PBXFileReference; lastKnownFileType = sourcecode.swift; path = "UIFont+Extensions.swift"; sourceTree = "<group>"; };
		A530E5DD62B601A634395AD4 /* Storages+Files.swift */ = {isa = PBXFileReference; lastKnownFileType = sourcecode.swift; path = "Storages+Files.swift"; sourceTree = "<group>"; };
		A78C58F3CF16DA95563B5080 /* UIButton+Extensions.swift */ = {isa = PBXFileReference; lastKnownFileType = sourcecode.swift; path = "UIButton+Extensions.swift"; sourceTree = "<group>"; };
		A7D1072252EB41BDF9BCF108 /* UIView+Extensions.swift */ = {isa = PBXFileReference; lastKnownFileType = sourcecode.swift; path = "UIView+Extensions.swift"; sourceTree = "<group>"; };
		A90C6C225F00B2F6BF78EEC6 /* Designables+ActivityIndicator.swift */ = {isa = PBXFileReference; lastKnownFileType = sourcecode.swift; path = "Designables+ActivityIndicator.swift"; sourceTree = "<group>"; };
		AC230213429314325192AF59 /* DesignLanguageVC.swift */ = {isa = PBXFileReference; lastKnownFileType = sourcecode.swift; path = DesignLanguageVC.swift; sourceTree = "<group>"; };
		AC5F6BF972E99C1061D97E39 /* Text+Extentions.swift */ = {isa = PBXFileReference; lastKnownFileType = sourcecode.swift; path = "Text+Extentions.swift"; sourceTree = "<group>"; };
		AC8F8854563A612770551D88 /* PermissionsManager.swift */ = {isa = PBXFileReference; lastKnownFileType = sourcecode.swift; path = PermissionsManager.swift; sourceTree = "<group>"; };
		B089DFA75540E1C1D8BADE8F /* KeychainWrapperSubscript.swift */ = {isa = PBXFileReference; lastKnownFileType = sourcecode.swift; path = KeychainWrapperSubscript.swift; sourceTree = "<group>"; };
		B275680A126952144DA1E005 /* Info.plist */ = {isa = PBXFileReference; lastKnownFileType = text.plist; path = Info.plist; sourceTree = "<group>"; };
		B47F0DFB4CC87465CDAC5AD3 /* Assets.xcassets */ = {isa = PBXFileReference; lastKnownFileType = folder.assetcatalog; path = Assets.xcassets; sourceTree = "<group>"; };
		B7A3598B58B1A47636177F9B /* Storages+HotCache.swift */ = {isa = PBXFileReference; lastKnownFileType = sourcecode.swift; path = "Storages+HotCache.swift"; sourceTree = "<group>"; };
		BB5513E91F9443C2978C8E0E /* CoreDataManager.swift */ = {isa = PBXFileReference; lastKnownFileType = sourcecode.swift; path = CoreDataManager.swift; sourceTree = "<group>"; };
		C1498D0A21DE3DF2272E1C63 /* Logger.swift */ = {isa = PBXFileReference; lastKnownFileType = sourcecode.swift; path = Logger.swift; sourceTree = "<group>"; };
		C18D3977749BCC51F16648DD /* FRPSimpleNetworkClientAPIError.swift */ = {isa = PBXFileReference; lastKnownFileType = sourcecode.swift; path = FRPSimpleNetworkClientAPIError.swift; sourceTree = "<group>"; };
		C4513A616035A65FE7C6CCEF /* Cronometer.swift */ = {isa = PBXFileReference; lastKnownFileType = sourcecode.swift; path = Cronometer.swift; sourceTree = "<group>"; };
		C7CD26E5D953535DAB3FAFED /* UILabel+Extensions.swift */ = {isa = PBXFileReference; lastKnownFileType = sourcecode.swift; path = "UILabel+Extensions.swift"; sourceTree = "<group>"; };
		C9B2362B8015B26023D2D549 /* FRPSampleAPI+RequestsBuilder.swift */ = {isa = PBXFileReference; lastKnownFileType = sourcecode.swift; path = "FRPSampleAPI+RequestsBuilder.swift"; sourceTree = "<group>"; };
		CC103409834D898F5EA978BE /* Just+Extensions.swift */ = {isa = PBXFileReference; lastKnownFileType = sourcecode.swift; path = "Just+Extensions.swift"; sourceTree = "<group>"; };
		D1E3907A2B3D4170943EB097 /* UILabel+Styles.swift */ = {isa = PBXFileReference; lastKnownFileType = sourcecode.swift; path = "UILabel+Styles.swift"; sourceTree = "<group>"; };
		D5FCBCFD8D709AF7820D020A /* Info.plist */ = {isa = PBXFileReference; lastKnownFileType = text.plist; path = Info.plist; sourceTree = "<group>"; };
		D72FF8069A32B39CE9556041 /* RJSLib+UIViewController.swift */ = {isa = PBXFileReference; lastKnownFileType = sourcecode.swift; path = "RJSLib+UIViewController.swift"; sourceTree = "<group>"; };
		D89E707349666725E8E46048 /* RJSLib+UIView.swift */ = {isa = PBXFileReference; lastKnownFileType = sourcecode.swift; path = "RJSLib+UIView.swift"; sourceTree = "<group>"; };
		DB1081E0C457B10140C16D18 /* UIDevice+Extensions.swift */ = {isa = PBXFileReference; lastKnownFileType = sourcecode.swift; path = "UIDevice+Extensions.swift"; sourceTree = "<group>"; };
		DD4DEAB85D959C8F029F2E0F /* RJSLibUFNetworking.framework */ = {isa = PBXFileReference; explicitFileType = wrapper.framework; includeInIndex = 0; path = RJSLibUFNetworking.framework; sourceTree = BUILT_PRODUCTS_DIR; };
		E37B1E06D2BD304AA97A0984 /* BasicNetworkClient.swift */ = {isa = PBXFileReference; lastKnownFileType = sourcecode.swift; path = BasicNetworkClient.swift; sourceTree = "<group>"; };
		E8F716AF5BB0E767F51DE1DF /* Auxiliar.swift */ = {isa = PBXFileReference; lastKnownFileType = sourcecode.swift; path = Auxiliar.swift; sourceTree = "<group>"; };
		EA1A1D59C7677284BFE22E92 /* UIView+StackView.swift */ = {isa = PBXFileReference; lastKnownFileType = sourcecode.swift; path = "UIView+StackView.swift"; sourceTree = "<group>"; };
		EA56AF4BFFFCB3727EB3938D /* Date+Extensions.swift */ = {isa = PBXFileReference; lastKnownFileType = sourcecode.swift; path = "Date+Extensions.swift"; sourceTree = "<group>"; };
		ECC852C99C164CBD22F90256 /* FRPSampleAPI+RequestDto.swift */ = {isa = PBXFileReference; lastKnownFileType = sourcecode.swift; path = "FRPSampleAPI+RequestDto.swift"; sourceTree = "<group>"; };
		EE416623464E3BA756541BA6 /* KeychainWrapper.swift */ = {isa = PBXFileReference; lastKnownFileType = sourcecode.swift; path = KeychainWrapper.swift; sourceTree = "<group>"; };
		EE4563715C0A1691E0369A2D /* UIKit+ExtensionsPainting .swift */ = {isa = PBXFileReference; lastKnownFileType = sourcecode.swift; path = "UIKit+ExtensionsPainting .swift"; sourceTree = "<group>"; };
		F04816759DC48EF2ACA1F7B3 /* View+Extension.swift */ = {isa = PBXFileReference; lastKnownFileType = sourcecode.swift; path = "View+Extension.swift"; sourceTree = "<group>"; };
		F20CF5BF19068E6B3A1440D1 /* RJSLibUFAppThemes.framework */ = {isa = PBXFileReference; explicitFileType = wrapper.framework; includeInIndex = 0; path = RJSLibUFAppThemes.framework; sourceTree = BUILT_PRODUCTS_DIR; };
		F41603EE15ECB31E196F82C5 /* Constants.swift */ = {isa = PBXFileReference; lastKnownFileType = sourcecode.swift; path = Constants.swift; sourceTree = "<group>"; };
/* End PBXFileReference section */

/* Begin PBXFrameworksBuildPhase section */
		51DF9A45140B5C1ADBADDCC5 /* Frameworks */ = {
			isa = PBXFrameworksBuildPhase;
			buildActionMask = 2147483647;
			files = (
				D721F15CD0A2521AD72E0860 /* RJSLibUFBase.framework in Frameworks */,
				EB7D7D0D67BE0A2D91B8F544 /* RJSLibUFAppThemes.framework in Frameworks */,
				C345DAA53C291F1F2B58EA04 /* RJSLibUFNetworking.framework in Frameworks */,
				77CF078F2A7C667584398706 /* RJSLibUFALayouts.framework in Frameworks */,
				DE2648DFACC178E68B036107 /* RJSLibUFStorage.framework in Frameworks */,
			);
			runOnlyForDeploymentPostprocessing = 0;
		};
/* End PBXFrameworksBuildPhase section */

/* Begin PBXGroup section */
		027C61BBC9C4DC8E9FB02A2B /* RJSLibUFAppThemes */ = {
			isa = PBXGroup;
			children = (
				F695B9B649EFB263E832BCE9 /* Sources */,
				3705B8C7B7BBDDF81BE8DBEF /* Info.plist */,
				0EC8F6B796D0F413F0685949 /* typealias.swift */,
			);
			name = RJSLibUFAppThemes;
			path = Sources/RJSLibUFAppThemes;
			sourceTree = "<group>";
		};
		0F76F52E2D782309AF7FBCF4 /* UIViewController */ = {
			isa = PBXGroup;
			children = (
				D72FF8069A32B39CE9556041 /* RJSLib+UIViewController.swift */,
			);
			path = UIViewController;
			sourceTree = "<group>";
		};
		1D604790AEA35EA9A38FD267 /* Requests */ = {
			isa = PBXGroup;
			children = (
				ECC852C99C164CBD22F90256 /* FRPSampleAPI+RequestDto.swift */,
				C9B2362B8015B26023D2D549 /* FRPSampleAPI+RequestsBuilder.swift */,
			);
			path = Requests;
			sourceTree = "<group>";
		};
		2DF6B0651AF6E23755FE35F4 /* Extensions */ = {
			isa = PBXGroup;
			children = (
				5D0EEE191D9CAA202C35A61E /* Combine */,
				C0887EA4B9EBEA84E5EEF520 /* SwiftUI */,
				8627D3C874A58E5257D949E0 /* UIImage|UIImageView */,
				7B86AC09D0BACF600C68EB18 /* UIView */,
				0F76F52E2D782309AF7FBCF4 /* UIViewController */,
				75E4CA0B59881484D35450CD /* Array+Extensions.swift */,
				EA56AF4BFFFCB3727EB3938D /* Date+Extensions.swift */,
				0C171A2FEEF6FA01833222F5 /* DispatchQueue+Extensions.swift */,
				42155ABA571585E2E1CAD377 /* Error+Extensions.swift */,
				791EE6C2BAA8E363633AB12D /* JSONDecoder+Extensions.swift */,
				320AC657937A2F57C8DE297A /* NSMutableAttributedString+Extensions.swift */,
				3CD3374E2B2FAFC282B92508 /* NSObject+Extensions.swift */,
				766825849FDB8E31649DCB77 /* RangeReplaceableCollection+Extensions.swift */,
				9E01E5B1BD88CE3F012D19D2 /* String+Extensions.swift */,
				30633A74869F9F0EBFA689B4 /* UIApplication+Extensions.swift */,
				A78C58F3CF16DA95563B5080 /* UIButton+Extensions.swift */,
				852CF81ADD9BE9C4338620D1 /* UIColor+Extensions.swift */,
				DB1081E0C457B10140C16D18 /* UIDevice+Extensions.swift */,
				EE4563715C0A1691E0369A2D /* UIKit+ExtensionsPainting .swift */,
				04DF4D6C31CE69692B46AE44 /* UIStackView+Extensions.swift */,
				23E17E2A4278DF107CD40749 /* URLRequest+Extensions.swift */,
				298D7BF19C08A07060EACF44 /* URLSession+Extensions.swift */,
			);
			path = Extensions;
			sourceTree = "<group>";
		};
		4876C803FCA9D4B206B33120 /* OpenSourceSources */ = {
			isa = PBXGroup;
			children = (
			);
			path = OpenSourceSources;
			sourceTree = "<group>";
		};
		4CE19F973761C289AD135C12 /* Products */ = {
			isa = PBXGroup;
			children = (
				9B97F29DD575577798A9882B /* MyLibraryTests.xctest */,
				5CB34C80F1CD1CE82B934F5E /* RJSLibUFALayouts.framework */,
				F20CF5BF19068E6B3A1440D1 /* RJSLibUFAppThemes.framework */,
				9B0D02882E22945B619357BF /* RJSLibUFBase.framework */,
				DD4DEAB85D959C8F029F2E0F /* RJSLibUFNetworking.framework */,
				5663A792FA44ED758B33CEE3 /* RJSLibUFStorage.framework */,
				8EDD993373DA46E378B05E1B /* SampleApp.app */,
			);
			name = Products;
			sourceTree = "<group>";
		};
		4EE1F1B5588CA48C73509468 /* RJSLibUFALayouts */ = {
			isa = PBXGroup;
			children = (
				F6DD03D49F6187E236F13E46 /* Sources */,
				0F9AEDBD47B80AD806858034 /* Info.plist */,
			);
			name = RJSLibUFALayouts;
			path = Sources/RJSLibUFALayouts;
			sourceTree = "<group>";
		};
		4F02044E5341233BC5E1902B /* Sources */ = {
			isa = PBXGroup;
			children = (
				9EF5A2A7667B69536AC80B30 /* CacheProtocols.swift */,
				BB5513E91F9443C2978C8E0E /* CoreDataManager.swift */,
				9001C93FC16BE0259978FA36 /* DataModelEntity+Cache.swift */,
				A530E5DD62B601A634395AD4 /* Storages+Files.swift */,
				B7A3598B58B1A47636177F9B /* Storages+HotCache.swift */,
				0352521CC64C5A07B50BB163 /* Storages+KeyChain.swift */,
				36462EDA8F79E4CBA1068F05 /* Storages+NSUserDefaults.swift */,
			);
			path = Sources;
			sourceTree = "<group>";
		};
		5D0EEE191D9CAA202C35A61E /* Combine */ = {
			isa = PBXGroup;
			children = (
				5F38550A8CC6C3DADF0D438E /* Combine+Extensions.swift */,
				CC103409834D898F5EA978BE /* Just+Extensions.swift */,
				3EA71B58E2460816F99AAA33 /* Publisher+Extensions.swift */,
				5F9409F9A6DB102CB333BDBF /* Result+Extensions.swift */,
			);
			path = Combine;
			sourceTree = "<group>";
		};
		5EA84DF4A3E5AD96DC7CB6ED /* Designables */ = {
			isa = PBXGroup;
			children = (
				261BCF7BEB851C7999853E79 /* Designables.swift */,
				A90C6C225F00B2F6BF78EEC6 /* Designables+ActivityIndicator.swift */,
				37F1A6C59E51C00A24DEF8E8 /* Designables+SearchBar.swift */,
			);
			path = Designables;
			sourceTree = "<group>";
		};
		710C0148EBF3B607F83EA393 /* OpenSourceSources */ = {
			isa = PBXGroup;
			children = (
				F28C4475FE784A7B67C2D4BB /* KeychainWrapper */,
			);
			path = OpenSourceSources;
			sourceTree = "<group>";
		};
		71A1A4C31855708D74D5C779 /* RJSLibUFNetworking */ = {
			isa = PBXGroup;
			children = (
				928F87258D4EE7541DA87983 /* Sources */,
				D5FCBCFD8D709AF7820D020A /* Info.plist */,
				22385C3AFA90258220F4C4F8 /* typealias.swift */,
			);
			name = RJSLibUFNetworking;
			path = Sources/RJSLibUFNetworking;
			sourceTree = "<group>";
		};
		726AAC35475548E7FA3F3808 /* Managers */ = {
			isa = PBXGroup;
			children = (
				AC8F8854563A612770551D88 /* PermissionsManager.swift */,
			);
			path = Managers;
			sourceTree = "<group>";
		};
		7B86AC09D0BACF600C68EB18 /* UIView */ = {
			isa = PBXGroup;
			children = (
				D89E707349666725E8E46048 /* RJSLib+UIView.swift */,
			);
			path = UIView;
			sourceTree = "<group>";
		};
		8369D8C4E27CC8092242A8E5 /* Utils */ = {
			isa = PBXGroup;
			children = (
				0C8B3310F8E120244CFFEC70 /* AppAndDeviceInfo.swift */,
				83BF1CC93A8AB6C3C9D8FBA5 /* BaseUtils.swift */,
				00774175ED0E71825EEA4F95 /* Convert.swift */,
				C4513A616035A65FE7C6CCEF /* Cronometer.swift */,
				C1498D0A21DE3DF2272E1C63 /* Logger.swift */,
				0F974797C9A0005D87575409 /* Reachability.swift */,
				47F41E47A3B3EA851B2C2CB3 /* SynchronizedArray.swift */,
			);
			path = Utils;
			sourceTree = "<group>";
		};
		856819823BFD2EF7857FCC84 /* BasicNetworkClient */ = {
			isa = PBXGroup;
			children = (
				E37B1E06D2BD304AA97A0984 /* BasicNetworkClient.swift */,
			);
			path = BasicNetworkClient;
			sourceTree = "<group>";
		};
		8627D3C874A58E5257D949E0 /* UIImage|UIImageView */ = {
			isa = PBXGroup;
			children = (
				82372D2194F93D5D832941E0 /* RJSLib+UIImage.swift */,
				27AE13D7F07E7FFD10897745 /* RJSLib+UIImageView.swift */,
			);
			path = "UIImage|UIImageView";
			sourceTree = "<group>";
		};
		8DF6D2658994A89D4CDA747F /* RJSLibUFTests */ = {
			isa = PBXGroup;
			children = (
				0652B9E5CB537C1CF8A62DBA /* RJSLibUFTests.swift */,
				376D3D8960CF0F498200ED59 /* XCTestManifests.swift */,
			);
			name = RJSLibUFTests;
			path = Tests/RJSLibUFTests;
			sourceTree = "<group>";
		};
		9143D516AC7B12E76CB1F833 /* SampleApp */ = {
			isa = PBXGroup;
			children = (
				9963AB3F709570841481C4CA /* Scenes */,
				A50A085FEB3DEEF32F879ED7 /* Scenes.Auxiliar */,
				9FF37213AD82CB78CAB51EA0 /* AppDelegate.swift */,
				B47F0DFB4CC87465CDAC5AD3 /* Assets.xcassets */,
				B275680A126952144DA1E005 /* Info.plist */,
				04DA12F8E849FB0732CB8608 /* LaunchScreen.storyboard */,
				45E7218F92E9CCF069ED1659 /* SampleApp.entitlements */,
			);
			path = SampleApp;
			sourceTree = "<group>";
		};
		928F87258D4EE7541DA87983 /* Sources */ = {
			isa = PBXGroup;
			children = (
				B0621B706416E24DCFF1021D /* AgentsShared */,
				856819823BFD2EF7857FCC84 /* BasicNetworkClient */,
				E8160E79AD3F5522466D1223 /* FRPSimpleNetworkAgent */,
				C053B616627D938C9DCCDD14 /* SimpleNetworkClient */,
			);
			path = Sources;
			sourceTree = "<group>";
		};
		9963AB3F709570841481C4CA /* Scenes */ = {
			isa = PBXGroup;
			children = (
				AC230213429314325192AF59 /* DesignLanguageVC.swift */,
				8FAEA0CEB82D3206B3C63805 /* LayoutSampleVC.swift */,
			);
			path = Scenes;
			sourceTree = "<group>";
		};
		A50A085FEB3DEEF32F879ED7 /* Scenes.Auxiliar */ = {
			isa = PBXGroup;
			children = (
				E8F716AF5BB0E767F51DE1DF /* Auxiliar.swift */,
			);
			path = Scenes.Auxiliar;
			sourceTree = "<group>";
		};
		B0621B706416E24DCFF1021D /* AgentsShared */ = {
			isa = PBXGroup;
			children = (
				C18D3977749BCC51F16648DD /* FRPSimpleNetworkClientAPIError.swift */,
				6B47E9551F803DAA62A08884 /* HttpMethod.swift */,
				8030219D95E55B209268B832 /* NetworkAgentUtils.swift */,
				562A57B9DB30F949BF45A7C4 /* ResponseFormat.swift */,
			);
			path = AgentsShared;
			sourceTree = "<group>";
		};
		B4FEAB1FDDE32343F2665643 /* Models */ = {
			isa = PBXGroup;
			children = (
				5E5450944B5B9CA8D5468F03 /* FRPSampleAPI+Requests.swift */,
				66D15344E24ACE89B667C103 /* FRPSampleAPI+ResponseDto.swift */,
			);
			path = Models;
			sourceTree = "<group>";
		};
		C053B616627D938C9DCCDD14 /* SimpleNetworkClient */ = {
			isa = PBXGroup;
			children = (
				4CAD80AE21451C16325238A0 /* RJSLibNetworkClientErrorsManager.swift */,
				66D0A682BF07621D4EEE8180 /* RJSLibNetworkClientResponse.swift */,
				2E82991E0B7AD8D28C8C7601 /* SimpleNetworkClient.swift */,
			);
			path = SimpleNetworkClient;
			sourceTree = "<group>";
		};
		C0887EA4B9EBEA84E5EEF520 /* SwiftUI */ = {
			isa = PBXGroup;
			children = (
				4CACE777019AC12589FB6470 /* Image+Extensions.swift */,
				2397F2343F47EF7061AA7167 /* Subscribers+Extentions.swift */,
				AC5F6BF972E99C1061D97E39 /* Text+Extentions.swift */,
				F04816759DC48EF2ACA1F7B3 /* View+Extension.swift */,
			);
			path = SwiftUI;
			sourceTree = "<group>";
		};
		C3F6C3F935A83F329D6BCC71 /* RJSLibUFStorage */ = {
			isa = PBXGroup;
			children = (
				710C0148EBF3B607F83EA393 /* OpenSourceSources */,
				4F02044E5341233BC5E1902B /* Sources */,
				9E208566FF0F6E83669A36FA /* Info.plist */,
				058CDCA81CF8A6FAF10211DE /* RJPSLibDataModel.xcdatamodeld */,
				95727F8CD6B9E9042D54DFBB /* typealias.swift */,
			);
			name = RJSLibUFStorage;
			path = Sources/RJSLibUFStorage;
			sourceTree = "<group>";
		};
		C964EC9B101F6CDFCE676512 /* Sources */ = {
			isa = PBXGroup;
			children = (
				5EA84DF4A3E5AD96DC7CB6ED /* Designables */,
				2DF6B0651AF6E23755FE35F4 /* Extensions */,
				726AAC35475548E7FA3F3808 /* Managers */,
				8369D8C4E27CC8092242A8E5 /* Utils */,
				F41603EE15ECB31E196F82C5 /* Constants.swift */,
				5A0620F4B1D5D48E817CCDA3 /* RJSLibraryExtension.swift */,
			);
			path = Sources;
			sourceTree = "<group>";
		};
		D02264B561A10AA4A35ECE59 /* RJSLibUFBase */ = {
			isa = PBXGroup;
			children = (
				4876C803FCA9D4B206B33120 /* OpenSourceSources */,
				C964EC9B101F6CDFCE676512 /* Sources */,
				9FDD495DC88792F902CE419D /* Info.plist */,
				4923D82CCA83E70F31D41134 /* RJSLib.swift */,
				358CEAA7F2DAA2536AB20977 /* typealias.swift */,
			);
			name = RJSLibUFBase;
			path = Sources/RJSLibUFBase;
			sourceTree = "<group>";
		};
		D4021CC45075CE3E45EB3BD0 = {
			isa = PBXGroup;
			children = (
				4EE1F1B5588CA48C73509468 /* RJSLibUFALayouts */,
				027C61BBC9C4DC8E9FB02A2B /* RJSLibUFAppThemes */,
				D02264B561A10AA4A35ECE59 /* RJSLibUFBase */,
				71A1A4C31855708D74D5C779 /* RJSLibUFNetworking */,
				C3F6C3F935A83F329D6BCC71 /* RJSLibUFStorage */,
				8DF6D2658994A89D4CDA747F /* RJSLibUFTests */,
				9143D516AC7B12E76CB1F833 /* SampleApp */,
				4CE19F973761C289AD135C12 /* Products */,
			);
			sourceTree = "<group>";
		};
		DF21EDC9FFA7BCA051D54B78 /* CombineSampleAPI */ = {
			isa = PBXGroup;
			children = (
				B4FEAB1FDDE32343F2665643 /* Models */,
				1D604790AEA35EA9A38FD267 /* Requests */,
				37537855417BE4B538975D68 /* FRPSampleAPI.swift */,
				88E53CA2AAB3B954FC3D38FC /* FRPSampleAPI+Sample.swift */,
			);
			path = CombineSampleAPI;
			sourceTree = "<group>";
		};
		E8160E79AD3F5522466D1223 /* FRPSimpleNetworkAgent */ = {
			isa = PBXGroup;
			children = (
				DF21EDC9FFA7BCA051D54B78 /* CombineSampleAPI */,
				24A240B26EFE9FE4546A7275 /* FRPSimpleNetworkAgent.swift */,
				5C5179F140E449B617BF73B6 /* FRPSimpleNetworkClientRequestModel.swift */,
			);
			path = FRPSimpleNetworkAgent;
			sourceTree = "<group>";
		};
		F28C4475FE784A7B67C2D4BB /* KeychainWrapper */ = {
			isa = PBXGroup;
			children = (
				53934FB2C1983DC84D983683 /* KeychainItemAccessibility.swift */,
				EE416623464E3BA756541BA6 /* KeychainWrapper.swift */,
				B089DFA75540E1C1D8BADE8F /* KeychainWrapperSubscript.swift */,
			);
			path = KeychainWrapper;
			sourceTree = "<group>";
		};
		F695B9B649EFB263E832BCE9 /* Sources */ = {
			isa = PBXGroup;
			children = (
				534E63FCF5262402B148F190 /* FadeType.swift */,
				14F51558A22F2306844E4F8D /* LayoutStyle.swift */,
				21B56BFBE719C0DF492DF799 /* SizesNames.swift */,
				0BA6A6F7B5DE80761690EBD4 /* UIButton+Styles.swift */,
				72E16F7C1ADBA8AE34C21AFF /* UIColor+Extensions.swift */,
				A06985C402FFAD08178A63FA /* UIFont+Extensions.swift */,
				C7CD26E5D953535DAB3FAFED /* UILabel+Extensions.swift */,
				D1E3907A2B3D4170943EB097 /* UILabel+Styles.swift */,
				A7D1072252EB41BDF9BCF108 /* UIView+Extensions.swift */,
				EA1A1D59C7677284BFE22E92 /* UIView+StackView.swift */,
			);
			path = Sources;
			sourceTree = "<group>";
		};
		F6DD03D49F6187E236F13E46 /* Sources */ = {
			isa = PBXGroup;
			children = (
				5B9142FE8EDFC2894E7543A3 /* RJSLib+Layouts.swift */,
			);
			path = Sources;
			sourceTree = "<group>";
		};
/* End PBXGroup section */

/* Begin PBXNativeTarget section */
		29076AD065BCB5D46B11448E /* RJSLibUFAppThemes */ = {
			isa = PBXNativeTarget;
			buildConfigurationList = C75FE5480B6F350D6F6BE297 /* Build configuration list for PBXNativeTarget "RJSLibUFAppThemes" */;
			buildPhases = (
				6F8E6703D10A62761681D810 /* Sources */,
			);
			buildRules = (
			);
			dependencies = (
				A41256E27F0667922B70787E /* PBXTargetDependency */,
			);
			name = RJSLibUFAppThemes;
			productName = RJSLibUFAppThemes;
			productReference = F20CF5BF19068E6B3A1440D1 /* RJSLibUFAppThemes.framework */;
			productType = "com.apple.product-type.framework";
		};
		42E1B9A13685A52F372C57E2 /* RJSLibUFBase */ = {
			isa = PBXNativeTarget;
			buildConfigurationList = E4905B2F05E14FCFF3AD75F3 /* Build configuration list for PBXNativeTarget "RJSLibUFBase" */;
			buildPhases = (
				139F1931F948912439687464 /* Sources */,
			);
			buildRules = (
			);
			dependencies = (
			);
			name = RJSLibUFBase;
			productName = RJSLibUFBase;
			productReference = 9B0D02882E22945B619357BF /* RJSLibUFBase.framework */;
			productType = "com.apple.product-type.framework";
		};
		B99826E108757AA9F459EE97 /* MyLibraryTests */ = {
			isa = PBXNativeTarget;
			buildConfigurationList = FF2ACE0E2CE7C3AB24CF0BE8 /* Build configuration list for PBXNativeTarget "MyLibraryTests" */;
			buildPhases = (
				0916F65FB68802C3AF119A12 /* Sources */,
				BEA4620CBA94AB53849331CE /* Embed Frameworks */,
			);
			buildRules = (
			);
			dependencies = (
				C0605008046D85A850128C1A /* PBXTargetDependency */,
				A99B56F6C5C31E54CABA1A21 /* PBXTargetDependency */,
				6DE87DCD93837B0F2878BA36 /* PBXTargetDependency */,
				BB503272419054BCF4C7928C /* PBXTargetDependency */,
				1AD900BD87F6AF68014245CD /* PBXTargetDependency */,
			);
			name = MyLibraryTests;
			productName = MyLibraryTests;
			productReference = 9B97F29DD575577798A9882B /* MyLibraryTests.xctest */;
			productType = "com.apple.product-type.bundle.unit-test";
		};
		C03B410A072A8EAA3E02F347 /* RJSLibUFALayouts */ = {
			isa = PBXNativeTarget;
			buildConfigurationList = 3E30F12AEF3FFBF85122FA0F /* Build configuration list for PBXNativeTarget "RJSLibUFALayouts" */;
			buildPhases = (
				26AA389F4F1EE1AD09A56DB1 /* Sources */,
			);
			buildRules = (
			);
			dependencies = (
				6C85802D71FCC989924953E9 /* PBXTargetDependency */,
			);
			name = RJSLibUFALayouts;
			productName = RJSLibUFALayouts;
			productReference = 5CB34C80F1CD1CE82B934F5E /* RJSLibUFALayouts.framework */;
			productType = "com.apple.product-type.framework";
		};
		C97BD5EFFDE5F2C30F1C1069 /* RJSLibUFStorage */ = {
			isa = PBXNativeTarget;
			buildConfigurationList = 008C641E2D3EC0DE69C36B0A /* Build configuration list for PBXNativeTarget "RJSLibUFStorage" */;
			buildPhases = (
				0847BD53FDBE25A0F9D5146E /* Sources */,
			);
			buildRules = (
			);
			dependencies = (
				FB524F1773717D4CCA0B905B /* PBXTargetDependency */,
			);
			name = RJSLibUFStorage;
			productName = RJSLibUFStorage;
			productReference = 5663A792FA44ED758B33CEE3 /* RJSLibUFStorage.framework */;
			productType = "com.apple.product-type.framework";
		};
		DD5DB873B6568D23F0A459B5 /* SampleApp */ = {
			isa = PBXNativeTarget;
			buildConfigurationList = 0EC85FB25C5A6B4B5264FB34 /* Build configuration list for PBXNativeTarget "SampleApp" */;
			buildPhases = (
				27CDDE11CBD807EE5FB22B5B /* Sources */,
				79AD67969F46A919FDB0F83F /* Run SwiftLint */,
				630C4BC868E3714406A3522B /* Resources */,
				51DF9A45140B5C1ADBADDCC5 /* Frameworks */,
				DB889B48F4846C45685C6597 /* Embed Frameworks */,
			);
			buildRules = (
			);
			dependencies = (
				1A6D561111F16C022FF32E83 /* PBXTargetDependency */,
				6248312BC2C70A66B857F5BB /* PBXTargetDependency */,
				285DE5309ECFE83DA3D1DCD3 /* PBXTargetDependency */,
				C5F43E274F914361B8D31F40 /* PBXTargetDependency */,
				53B8D50BBAA6B9CC894E4ABE /* PBXTargetDependency */,
			);
			name = SampleApp;
			productName = SampleApp;
			productReference = 8EDD993373DA46E378B05E1B /* SampleApp.app */;
			productType = "com.apple.product-type.application";
		};
		F7AFF84E87F8A52C4E9B57C7 /* RJSLibUFNetworking */ = {
			isa = PBXNativeTarget;
			buildConfigurationList = B966C33D9C189D8DDEA0B4A1 /* Build configuration list for PBXNativeTarget "RJSLibUFNetworking" */;
			buildPhases = (
				F417AC9D36420E8F00A92712 /* Sources */,
			);
			buildRules = (
			);
			dependencies = (
				8031025806F6860866EF6763 /* PBXTargetDependency */,
			);
			name = RJSLibUFNetworking;
			productName = RJSLibUFNetworking;
			productReference = DD4DEAB85D959C8F029F2E0F /* RJSLibUFNetworking.framework */;
			productType = "com.apple.product-type.framework";
		};
/* End PBXNativeTarget section */

/* Begin PBXProject section */
		9A55C7D2FC9B16284E786939 /* Project object */ = {
			isa = PBXProject;
			attributes = {
				LastUpgradeCheck = 1201;
				TargetAttributes = {
				};
			};
			buildConfigurationList = 478BD369166F0567C3785035 /* Build configuration list for PBXProject "RJSLibUF" */;
			compatibilityVersion = "Xcode 10.0";
			developmentRegion = en;
			hasScannedForEncodings = 0;
			knownRegions = (
				Base,
				en,
			);
			mainGroup = D4021CC45075CE3E45EB3BD0;
			projectDirPath = "";
			projectRoot = "";
			targets = (
				B99826E108757AA9F459EE97 /* MyLibraryTests */,
				C03B410A072A8EAA3E02F347 /* RJSLibUFALayouts */,
				29076AD065BCB5D46B11448E /* RJSLibUFAppThemes */,
				42E1B9A13685A52F372C57E2 /* RJSLibUFBase */,
				F7AFF84E87F8A52C4E9B57C7 /* RJSLibUFNetworking */,
				C97BD5EFFDE5F2C30F1C1069 /* RJSLibUFStorage */,
				DD5DB873B6568D23F0A459B5 /* SampleApp */,
			);
		};
/* End PBXProject section */

/* Begin PBXResourcesBuildPhase section */
		630C4BC868E3714406A3522B /* Resources */ = {
			isa = PBXResourcesBuildPhase;
			buildActionMask = 2147483647;
			files = (
				47827EB2B32B931BB57BEA88 /* Assets.xcassets in Resources */,
				9D017F33813AAD94002E1EA9 /* LaunchScreen.storyboard in Resources */,
			);
			runOnlyForDeploymentPostprocessing = 0;
		};
/* End PBXResourcesBuildPhase section */

/* Begin PBXShellScriptBuildPhase section */
		79AD67969F46A919FDB0F83F /* Run SwiftLint */ = {
			isa = PBXShellScriptBuildPhase;
			buildActionMask = 2147483647;
			files = (
			);
			inputFileListPaths = (
			);
			inputPaths = (
			);
			name = "Run SwiftLint";
			outputFileListPaths = (
			);
			outputPaths = (
			);
			runOnlyForDeploymentPostprocessing = 0;
			shellPath = /bin/sh;
			shellScript = "if which swiftlint >/dev/null; then\n   swiftlint\nelse\n   echo \"warning: SwiftLint not installed, download from https://github.com/realm/SwiftLint\"\nfi\n";
		};
/* End PBXShellScriptBuildPhase section */

/* Begin PBXSourcesBuildPhase section */
		0847BD53FDBE25A0F9D5146E /* Sources */ = {
			isa = PBXSourcesBuildPhase;
			buildActionMask = 2147483647;
			files = (
				C46D9D612E854F46EFB93269 /* CacheProtocols.swift in Sources */,
				A1F3FC5B20EF110087B94509 /* CoreDataManager.swift in Sources */,
				8BAF022030F76910D66FFE87 /* DataModelEntity+Cache.swift in Sources */,
				E1134D5519FCBBEF62ED98A3 /* KeychainItemAccessibility.swift in Sources */,
				3003A4C47201C5F1AEC7E1C7 /* KeychainWrapper.swift in Sources */,
				6454EDF57491998E4344630A /* KeychainWrapperSubscript.swift in Sources */,
				21ED7F7EE04D92B1502549BA /* RJPSLibDataModel.xcdatamodeld in Sources */,
				C1A6218D5BF95CB64521224F /* Storages+Files.swift in Sources */,
				9B776510B782FC13148D5414 /* Storages+HotCache.swift in Sources */,
				A559349D65282B242629C1AB /* Storages+KeyChain.swift in Sources */,
				98F2600D57028EC1277BD739 /* Storages+NSUserDefaults.swift in Sources */,
				5E2ED301FEFCB01A7396BD65 /* typealias.swift in Sources */,
			);
			runOnlyForDeploymentPostprocessing = 0;
		};
		0916F65FB68802C3AF119A12 /* Sources */ = {
			isa = PBXSourcesBuildPhase;
			buildActionMask = 2147483647;
			files = (
				F9F43DB72F98D295652F345F /* RJSLibUFTests.swift in Sources */,
				497FDE25FE5E074547D10ED0 /* XCTestManifests.swift in Sources */,
			);
			runOnlyForDeploymentPostprocessing = 0;
		};
		139F1931F948912439687464 /* Sources */ = {
			isa = PBXSourcesBuildPhase;
			buildActionMask = 2147483647;
			files = (
				3D0E11D9B18CD524BCE0CC9D /* AppAndDeviceInfo.swift in Sources */,
				12FE016B7FA9E4D8296E536B /* Array+Extensions.swift in Sources */,
				F4FF5663D962D5BC0878AA10 /* BaseUtils.swift in Sources */,
				C29F2AF694D1F2AFE12C69D5 /* Combine+Extensions.swift in Sources */,
				94B61CCEB1367AC05EB160DD /* Constants.swift in Sources */,
				C68D4EA821DDA6E35845FFEF /* Convert.swift in Sources */,
				9D455438C93D4FF67C513144 /* Cronometer.swift in Sources */,
				ADAAFDD2C1394D365CEC1B70 /* Date+Extensions.swift in Sources */,
				0270803B519B857E2544E831 /* Designables+ActivityIndicator.swift in Sources */,
				D8B498ADCD7A15B2143BAC94 /* Designables+SearchBar.swift in Sources */,
				5F8A5F8C37340495B57E7E27 /* Designables.swift in Sources */,
				290B6F311697A6A0EBAB16CE /* DispatchQueue+Extensions.swift in Sources */,
				652B2CE8D29571A2A5D60AF4 /* Error+Extensions.swift in Sources */,
				9B1FC0343519A9101B0BF721 /* Image+Extensions.swift in Sources */,
				3325375682DA17820106CF56 /* JSONDecoder+Extensions.swift in Sources */,
				D7513F3FE5CFB3E521F65790 /* Just+Extensions.swift in Sources */,
				6A52BFF163D041E2431A8B8F /* Logger.swift in Sources */,
				5CB3687FA371651117EC686F /* NSMutableAttributedString+Extensions.swift in Sources */,
				D733D7041B511A03BEA97F87 /* NSObject+Extensions.swift in Sources */,
				BD6FA3D9A1EE8F1B1C8BF60D /* PermissionsManager.swift in Sources */,
				2CE62C8E1119E6F517F203AB /* Publisher+Extensions.swift in Sources */,
				75B1F0184CE426E4CE4B4FD4 /* RJSLib+UIImage.swift in Sources */,
				ECC5B7F9043ED2EC1FB8B2B5 /* RJSLib+UIImageView.swift in Sources */,
				B7641C283BD50443F564601B /* RJSLib+UIView.swift in Sources */,
				A2C30FA1342F1B02C12D7631 /* RJSLib+UIViewController.swift in Sources */,
				BA94862B61F9757FF9542136 /* RJSLib.swift in Sources */,
				BFC7C9FA577722B45B2D0A01 /* RJSLibraryExtension.swift in Sources */,
				E2947B5BE100A66AACB3CF59 /* RangeReplaceableCollection+Extensions.swift in Sources */,
				FB1D8EED1F063B919C918060 /* Reachability.swift in Sources */,
				454F3A9282365B52799549CF /* Result+Extensions.swift in Sources */,
				DF5D5636953F683FABD32C28 /* String+Extensions.swift in Sources */,
				3A133FF82384D55BE8621C29 /* Subscribers+Extentions.swift in Sources */,
				717C9D0A7991BDF7B850FCFE /* SynchronizedArray.swift in Sources */,
				0878620A0D8FA983345D5396 /* Text+Extentions.swift in Sources */,
				71767B8C00E11455A7A3516D /* UIApplication+Extensions.swift in Sources */,
				8DBBB17A32C66D2174EC69D8 /* UIButton+Extensions.swift in Sources */,
				840C2AD305E00157F4D7E8AD /* UIColor+Extensions.swift in Sources */,
				0D88AD16C2DAF48E372CCC94 /* UIDevice+Extensions.swift in Sources */,
				45AA93D4ACF68647DA1DE0AC /* UIKit+ExtensionsPainting .swift in Sources */,
				A742B0FEF6934DE72D929A4E /* UIStackView+Extensions.swift in Sources */,
				77DC7E269C8A872711772C4F /* URLRequest+Extensions.swift in Sources */,
				355D14B778896B1F1838BD24 /* URLSession+Extensions.swift in Sources */,
				4165345237773BEA106C105F /* View+Extension.swift in Sources */,
				5968F3FA36CDED89BC9D64D7 /* typealias.swift in Sources */,
			);
			runOnlyForDeploymentPostprocessing = 0;
		};
		26AA389F4F1EE1AD09A56DB1 /* Sources */ = {
			isa = PBXSourcesBuildPhase;
			buildActionMask = 2147483647;
			files = (
				0D8AE9920BAC782029772A9A /* RJSLib+Layouts.swift in Sources */,
			);
			runOnlyForDeploymentPostprocessing = 0;
		};
		27CDDE11CBD807EE5FB22B5B /* Sources */ = {
			isa = PBXSourcesBuildPhase;
			buildActionMask = 2147483647;
			files = (
				9030C046542AA72A462F1BE8 /* AppDelegate.swift in Sources */,
				BDA7F783E5929B93E78DDDD8 /* Auxiliar.swift in Sources */,
				C2216693E2FAA9D7891FD6D6 /* DesignLanguageVC.swift in Sources */,
				25711F608627D6777A181B1E /* LayoutSampleVC.swift in Sources */,
			);
			runOnlyForDeploymentPostprocessing = 0;
		};
		6F8E6703D10A62761681D810 /* Sources */ = {
			isa = PBXSourcesBuildPhase;
			buildActionMask = 2147483647;
			files = (
				CAAC19BB3282B1DBB689E71B /* FadeType.swift in Sources */,
				533D81A0CDC8AD901A6CDBE1 /* LayoutStyle.swift in Sources */,
				35BBEE63F3A404BDD1A1E870 /* SizesNames.swift in Sources */,
				F115AF970D13A4974A5F5AB3 /* UIButton+Styles.swift in Sources */,
				091B1AFBD522A5959CC39B90 /* UIColor+Extensions.swift in Sources */,
				4F38ECFE987B76785475F144 /* UIFont+Extensions.swift in Sources */,
				E5C5F50CE9DFE5E3A06B4C6B /* UILabel+Extensions.swift in Sources */,
				1B82EFA599D38B5C1E33FB35 /* UILabel+Styles.swift in Sources */,
				754995950A77FDA3F3D4F519 /* UIView+Extensions.swift in Sources */,
				FD24E0A8E77F7C31F66875FD /* UIView+StackView.swift in Sources */,
				89BA691142297CCFEE50BE0F /* typealias.swift in Sources */,
			);
			runOnlyForDeploymentPostprocessing = 0;
		};
		F417AC9D36420E8F00A92712 /* Sources */ = {
			isa = PBXSourcesBuildPhase;
			buildActionMask = 2147483647;
			files = (
				C380DDB5A07D18C5D050FF4C /* BasicNetworkClient.swift in Sources */,
				BEDD658CC7CD8AA6542E2611 /* FRPSampleAPI+RequestDto.swift in Sources */,
				7A5BDF86B07D893CDB69500A /* FRPSampleAPI+Requests.swift in Sources */,
				943EE4020B119085FC459D53 /* FRPSampleAPI+RequestsBuilder.swift in Sources */,
				47238BF90F62F5A895E97FEB /* FRPSampleAPI+ResponseDto.swift in Sources */,
				F39ABE1FB37F00907A51225B /* FRPSampleAPI+Sample.swift in Sources */,
				C59DC37B0EF6EEFC5526770B /* FRPSampleAPI.swift in Sources */,
				37A0793C89AE27014F7FD056 /* FRPSimpleNetworkAgent.swift in Sources */,
				B2926679602E90131F2E3503 /* FRPSimpleNetworkClientAPIError.swift in Sources */,
				200B8D1AA391CDEDB82E5A38 /* FRPSimpleNetworkClientRequestModel.swift in Sources */,
				8797BB6D3866A00D2B17E1BA /* HttpMethod.swift in Sources */,
				2E9F4E38678FF34DE3F59E17 /* NetworkAgentUtils.swift in Sources */,
				D9DF80C5F08654703EBED4C4 /* RJSLibNetworkClientErrorsManager.swift in Sources */,
				030CBC1131B01708B6CBD104 /* RJSLibNetworkClientResponse.swift in Sources */,
				81DF46753B3EE0FC24AB40F2 /* ResponseFormat.swift in Sources */,
				EA4853C40EDFAA2053DE60EC /* SimpleNetworkClient.swift in Sources */,
				B558F1590B0D2F7C8FE15651 /* typealias.swift in Sources */,
			);
			runOnlyForDeploymentPostprocessing = 0;
		};
/* End PBXSourcesBuildPhase section */

/* Begin PBXTargetDependency section */
		1A6D561111F16C022FF32E83 /* PBXTargetDependency */ = {
			isa = PBXTargetDependency;
			target = 42E1B9A13685A52F372C57E2 /* RJSLibUFBase */;
			targetProxy = 095AD3E4BBC61F6F7184DB6B /* PBXContainerItemProxy */;
		};
		1AD900BD87F6AF68014245CD /* PBXTargetDependency */ = {
			isa = PBXTargetDependency;
			target = C97BD5EFFDE5F2C30F1C1069 /* RJSLibUFStorage */;
			targetProxy = FC24F1692F246013ED7CAD0A /* PBXContainerItemProxy */;
		};
		285DE5309ECFE83DA3D1DCD3 /* PBXTargetDependency */ = {
			isa = PBXTargetDependency;
			target = F7AFF84E87F8A52C4E9B57C7 /* RJSLibUFNetworking */;
			targetProxy = 96E232E74B421A4BBE814B0A /* PBXContainerItemProxy */;
		};
		53B8D50BBAA6B9CC894E4ABE /* PBXTargetDependency */ = {
			isa = PBXTargetDependency;
			target = C97BD5EFFDE5F2C30F1C1069 /* RJSLibUFStorage */;
			targetProxy = ECA7F0ACAA1C9C8503D0C210 /* PBXContainerItemProxy */;
		};
		6248312BC2C70A66B857F5BB /* PBXTargetDependency */ = {
			isa = PBXTargetDependency;
			target = 29076AD065BCB5D46B11448E /* RJSLibUFAppThemes */;
			targetProxy = 2C07608B17911208042EE91E /* PBXContainerItemProxy */;
		};
		6C85802D71FCC989924953E9 /* PBXTargetDependency */ = {
			isa = PBXTargetDependency;
			target = 42E1B9A13685A52F372C57E2 /* RJSLibUFBase */;
			targetProxy = DE747E5594BDD2A074EFFC8F /* PBXContainerItemProxy */;
		};
		6DE87DCD93837B0F2878BA36 /* PBXTargetDependency */ = {
			isa = PBXTargetDependency;
			target = F7AFF84E87F8A52C4E9B57C7 /* RJSLibUFNetworking */;
			targetProxy = 7B9855ABE5A6FF7A1283808B /* PBXContainerItemProxy */;
		};
		8031025806F6860866EF6763 /* PBXTargetDependency */ = {
			isa = PBXTargetDependency;
			target = 42E1B9A13685A52F372C57E2 /* RJSLibUFBase */;
			targetProxy = 73081D935D63636BD9626CAA /* PBXContainerItemProxy */;
		};
		A41256E27F0667922B70787E /* PBXTargetDependency */ = {
			isa = PBXTargetDependency;
			target = 42E1B9A13685A52F372C57E2 /* RJSLibUFBase */;
			targetProxy = 5433D5FB7BFA84C9970DA5F0 /* PBXContainerItemProxy */;
		};
		A99B56F6C5C31E54CABA1A21 /* PBXTargetDependency */ = {
			isa = PBXTargetDependency;
			target = 42E1B9A13685A52F372C57E2 /* RJSLibUFBase */;
			targetProxy = AF3D2AF62B7CFB748E5FE5F6 /* PBXContainerItemProxy */;
		};
		BB503272419054BCF4C7928C /* PBXTargetDependency */ = {
			isa = PBXTargetDependency;
			target = C03B410A072A8EAA3E02F347 /* RJSLibUFALayouts */;
			targetProxy = E5510BA343874522C7072D41 /* PBXContainerItemProxy */;
		};
		C0605008046D85A850128C1A /* PBXTargetDependency */ = {
			isa = PBXTargetDependency;
			target = DD5DB873B6568D23F0A459B5 /* SampleApp */;
			targetProxy = CBCA080722AD83C1C9795923 /* PBXContainerItemProxy */;
		};
		C5F43E274F914361B8D31F40 /* PBXTargetDependency */ = {
			isa = PBXTargetDependency;
			target = C03B410A072A8EAA3E02F347 /* RJSLibUFALayouts */;
			targetProxy = 7E64780974528A109E2F7BFF /* PBXContainerItemProxy */;
		};
		FB524F1773717D4CCA0B905B /* PBXTargetDependency */ = {
			isa = PBXTargetDependency;
			target = 42E1B9A13685A52F372C57E2 /* RJSLibUFBase */;
			targetProxy = 1A753E8C3D66680ECCF070C5 /* PBXContainerItemProxy */;
		};
/* End PBXTargetDependency section */

/* Begin PBXVariantGroup section */
		04DA12F8E849FB0732CB8608 /* LaunchScreen.storyboard */ = {
			isa = PBXVariantGroup;
			children = (
				6BE30387A48FB49EE3AFFC55 /* Base */,
			);
			name = LaunchScreen.storyboard;
			sourceTree = "<group>";
		};
/* End PBXVariantGroup section */

/* Begin XCBuildConfiguration section */
		26E0D60584A6DD58EB5734AD /* Debug */ = {
			isa = XCBuildConfiguration;
			buildSettings = {
				ALWAYS_SEARCH_USER_PATHS = NO;
				CLANG_ANALYZER_NONNULL = YES;
				CLANG_ANALYZER_NUMBER_OBJECT_CONVERSION = YES_AGGRESSIVE;
				CLANG_CXX_LANGUAGE_STANDARD = "gnu++14";
				CLANG_CXX_LIBRARY = "libc++";
				CLANG_ENABLE_MODULES = YES;
				CLANG_ENABLE_OBJC_ARC = YES;
				CLANG_ENABLE_OBJC_WEAK = YES;
				CLANG_WARN_BLOCK_CAPTURE_AUTORELEASING = YES;
				CLANG_WARN_BOOL_CONVERSION = YES;
				CLANG_WARN_COMMA = YES;
				CLANG_WARN_CONSTANT_CONVERSION = YES;
				CLANG_WARN_DEPRECATED_OBJC_IMPLEMENTATIONS = YES;
				CLANG_WARN_DIRECT_OBJC_ISA_USAGE = YES_ERROR;
				CLANG_WARN_DOCUMENTATION_COMMENTS = YES;
				CLANG_WARN_EMPTY_BODY = YES;
				CLANG_WARN_ENUM_CONVERSION = YES;
				CLANG_WARN_INFINITE_RECURSION = YES;
				CLANG_WARN_INT_CONVERSION = YES;
				CLANG_WARN_NON_LITERAL_NULL_CONVERSION = YES;
				CLANG_WARN_OBJC_IMPLICIT_RETAIN_SELF = YES;
				CLANG_WARN_OBJC_LITERAL_CONVERSION = YES;
				CLANG_WARN_OBJC_ROOT_CLASS = YES_ERROR;
				CLANG_WARN_QUOTED_INCLUDE_IN_FRAMEWORK_HEADER = YES;
				CLANG_WARN_RANGE_LOOP_ANALYSIS = YES;
				CLANG_WARN_STRICT_PROTOTYPES = YES;
				CLANG_WARN_SUSPICIOUS_MOVE = YES;
				CLANG_WARN_UNGUARDED_AVAILABILITY = YES_AGGRESSIVE;
				CLANG_WARN_UNREACHABLE_CODE = YES;
				CLANG_WARN__DUPLICATE_METHOD_MATCH = YES;
				COPY_PHASE_STRIP = NO;
				DEBUG_INFORMATION_FORMAT = dwarf;
				ENABLE_BITCODE = NO;
				ENABLE_STRICT_OBJC_MSGSEND = YES;
				ENABLE_TESTABILITY = YES;
				GCC_C_LANGUAGE_STANDARD = gnu11;
				GCC_DYNAMIC_NO_PIC = NO;
				GCC_NO_COMMON_BLOCKS = YES;
				GCC_OPTIMIZATION_LEVEL = 0;
				GCC_PREPROCESSOR_DEFINITIONS = (
					"$(inherited)",
					"DEBUG=1",
				);
				GCC_WARN_64_TO_32_BIT_CONVERSION = YES;
				GCC_WARN_ABOUT_RETURN_TYPE = YES_ERROR;
				GCC_WARN_UNDECLARED_SELECTOR = YES;
				GCC_WARN_UNINITIALIZED_AUTOS = YES_AGGRESSIVE;
				GCC_WARN_UNUSED_FUNCTION = YES;
				GCC_WARN_UNUSED_VARIABLE = YES;
				IPHONEOS_DEPLOYMENT_TARGET = 13.0;
				MTL_ENABLE_DEBUG_INFO = INCLUDE_SOURCE;
				MTL_FAST_MATH = YES;
				ONLY_ACTIVE_ARCH = YES;
				PRODUCT_NAME = "$(TARGET_NAME)";
				SDKROOT = iphoneos;
				SWIFT_ACTIVE_COMPILATION_CONDITIONS = DEBUG;
				SWIFT_OPTIMIZATION_LEVEL = "-Onone";
				SWIFT_VERSION = 5.3;
			};
			name = Debug;
		};
		36107279D2C175BCD479BDE1 /* Debug */ = {
			isa = XCBuildConfiguration;
			buildSettings = {
				CODE_SIGN_IDENTITY = "";
				CURRENT_PROJECT_VERSION = 1;
				DEFINES_MODULE = YES;
				DYLIB_COMPATIBILITY_VERSION = 1;
				DYLIB_CURRENT_VERSION = 1;
				DYLIB_INSTALL_NAME_BASE = "@rpath";
				INFOPLIST_FILE = Sources/RJSLibUFALayouts/Info.plist;
				INSTALL_PATH = "$(LOCAL_LIBRARY_DIR)/Frameworks";
				IPHONEOS_DEPLOYMENT_TARGET = 13.0;
				LD_RUNPATH_SEARCH_PATHS = (
					"$(inherited)",
					"@executable_path/Frameworks",
				);
				MARKETING_VERSION = 1.2.1;
				PRODUCT_BUNDLE_IDENTIFIER = com.rjps.libuf.RJSLibUFALayouts;
				SDKROOT = iphoneos;
				SKIP_INSTALL = YES;
				TARGETED_DEVICE_FAMILY = "1,2";
				VERSIONING_SYSTEM = "apple-generic";
			};
			name = Debug;
		};
		3A13E4CFB69A1A74DA1DDAEE /* Debug */ = {
			isa = XCBuildConfiguration;
			buildSettings = {
				CODE_SIGN_IDENTITY = "";
				CURRENT_PROJECT_VERSION = 1;
				DEFINES_MODULE = YES;
				DYLIB_COMPATIBILITY_VERSION = 1;
				DYLIB_CURRENT_VERSION = 1;
				DYLIB_INSTALL_NAME_BASE = "@rpath";
				INFOPLIST_FILE = Sources/RJSLibUFStorage/Info.plist;
				INSTALL_PATH = "$(LOCAL_LIBRARY_DIR)/Frameworks";
				IPHONEOS_DEPLOYMENT_TARGET = 13.0;
				LD_RUNPATH_SEARCH_PATHS = (
					"$(inherited)",
					"@executable_path/Frameworks",
				);
				MARKETING_VERSION = 1.2.1;
				PRODUCT_BUNDLE_IDENTIFIER = com.rjps.libuf.RJSLibUFStorage;
				SDKROOT = iphoneos;
				SKIP_INSTALL = YES;
				TARGETED_DEVICE_FAMILY = "1,2";
				VERSIONING_SYSTEM = "apple-generic";
			};
			name = Debug;
		};
		53C9D2B3179D6D44EB5BAC6C /* Debug */ = {
			isa = XCBuildConfiguration;
			buildSettings = {
				BUNDLE_LOADER = "$(TEST_HOST)";
				LD_RUNPATH_SEARCH_PATHS = (
					"$(inherited)",
					"@executable_path/Frameworks",
					"@loader_path/Frameworks",
				);
				PRODUCT_BUNDLE_IDENTIFIER = com.rjps.libuf.MyLibraryTests;
				SDKROOT = iphoneos;
				TARGETED_DEVICE_FAMILY = "1,2";
				TEST_HOST = "$(BUILT_PRODUCTS_DIR)/SampleApp.app/SampleApp";
			};
			name = Debug;
		};
		59965859FE72300FDB76DFAA /* Release */ = {
			isa = XCBuildConfiguration;
			buildSettings = {
				CODE_SIGN_IDENTITY = "";
				CURRENT_PROJECT_VERSION = 1;
				DEFINES_MODULE = YES;
				DYLIB_COMPATIBILITY_VERSION = 1;
				DYLIB_CURRENT_VERSION = 1;
				DYLIB_INSTALL_NAME_BASE = "@rpath";
				INFOPLIST_FILE = Sources/RJSLibUFAppThemes/Info.plist;
				INSTALL_PATH = "$(LOCAL_LIBRARY_DIR)/Frameworks";
				IPHONEOS_DEPLOYMENT_TARGET = 13.0;
				LD_RUNPATH_SEARCH_PATHS = (
					"$(inherited)",
					"@executable_path/Frameworks",
				);
				MARKETING_VERSION = 1.2.1;
				PRODUCT_BUNDLE_IDENTIFIER = com.rjps.libuf.RJSLibUFAppThemes;
				SDKROOT = iphoneos;
				SKIP_INSTALL = YES;
				TARGETED_DEVICE_FAMILY = "1,2";
				VERSIONING_SYSTEM = "apple-generic";
			};
			name = Release;
		};
		5E2BC2B5371E6DC3456A8650 /* Release */ = {
			isa = XCBuildConfiguration;
			buildSettings = {
				CODE_SIGN_IDENTITY = "";
				CURRENT_PROJECT_VERSION = 1;
				DEFINES_MODULE = YES;
				DYLIB_COMPATIBILITY_VERSION = 1;
				DYLIB_CURRENT_VERSION = 1;
				DYLIB_INSTALL_NAME_BASE = "@rpath";
				INFOPLIST_FILE = Sources/RJSLibUFALayouts/Info.plist;
				INSTALL_PATH = "$(LOCAL_LIBRARY_DIR)/Frameworks";
				IPHONEOS_DEPLOYMENT_TARGET = 13.0;
				LD_RUNPATH_SEARCH_PATHS = (
					"$(inherited)",
					"@executable_path/Frameworks",
				);
				MARKETING_VERSION = 1.2.1;
				PRODUCT_BUNDLE_IDENTIFIER = com.rjps.libuf.RJSLibUFALayouts;
				SDKROOT = iphoneos;
				SKIP_INSTALL = YES;
				TARGETED_DEVICE_FAMILY = "1,2";
				VERSIONING_SYSTEM = "apple-generic";
			};
			name = Release;
		};
		642BE7C4D5CC15BDF83C2CD6 /* Debug */ = {
			isa = XCBuildConfiguration;
			buildSettings = {
				CODE_SIGN_IDENTITY = "";
				CURRENT_PROJECT_VERSION = 1;
				DEFINES_MODULE = YES;
				DYLIB_COMPATIBILITY_VERSION = 1;
				DYLIB_CURRENT_VERSION = 1;
				DYLIB_INSTALL_NAME_BASE = "@rpath";
				INFOPLIST_FILE = Sources/RJSLibUFBase/Info.plist;
				INSTALL_PATH = "$(LOCAL_LIBRARY_DIR)/Frameworks";
				IPHONEOS_DEPLOYMENT_TARGET = 13.0;
				LD_RUNPATH_SEARCH_PATHS = (
					"$(inherited)",
					"@executable_path/Frameworks",
				);
				MARKETING_VERSION = 1.2.1;
				PRODUCT_BUNDLE_IDENTIFIER = com.rjps.libuf.RJSLibUFBase;
				SDKROOT = iphoneos;
				SKIP_INSTALL = YES;
				TARGETED_DEVICE_FAMILY = "1,2";
				VERSIONING_SYSTEM = "apple-generic";
			};
			name = Debug;
		};
		6433C93DF140B72BB7F3DE47 /* Release */ = {
			isa = XCBuildConfiguration;
			buildSettings = {
				CODE_SIGN_IDENTITY = "";
				CURRENT_PROJECT_VERSION = 1;
				DEFINES_MODULE = YES;
				DYLIB_COMPATIBILITY_VERSION = 1;
				DYLIB_CURRENT_VERSION = 1;
				DYLIB_INSTALL_NAME_BASE = "@rpath";
				INFOPLIST_FILE = Sources/RJSLibUFNetworking/Info.plist;
				INSTALL_PATH = "$(LOCAL_LIBRARY_DIR)/Frameworks";
				IPHONEOS_DEPLOYMENT_TARGET = 13.0;
				LD_RUNPATH_SEARCH_PATHS = (
					"$(inherited)",
					"@executable_path/Frameworks",
				);
				MARKETING_VERSION = 1.2.1;
				PRODUCT_BUNDLE_IDENTIFIER = com.rjps.libuf.RJSLibUFNetworking;
				SDKROOT = iphoneos;
				SKIP_INSTALL = YES;
				TARGETED_DEVICE_FAMILY = "1,2";
				VERSIONING_SYSTEM = "apple-generic";
			};
			name = Release;
		};
		8C4B2F57AE0DF652A5F8F827 /* Debug */ = {
			isa = XCBuildConfiguration;
			buildSettings = {
				CODE_SIGN_IDENTITY = "";
				CURRENT_PROJECT_VERSION = 1;
				DEFINES_MODULE = YES;
				DYLIB_COMPATIBILITY_VERSION = 1;
				DYLIB_CURRENT_VERSION = 1;
				DYLIB_INSTALL_NAME_BASE = "@rpath";
				INFOPLIST_FILE = Sources/RJSLibUFAppThemes/Info.plist;
				INSTALL_PATH = "$(LOCAL_LIBRARY_DIR)/Frameworks";
				IPHONEOS_DEPLOYMENT_TARGET = 13.0;
				LD_RUNPATH_SEARCH_PATHS = (
					"$(inherited)",
					"@executable_path/Frameworks",
				);
				MARKETING_VERSION = 1.2.1;
				PRODUCT_BUNDLE_IDENTIFIER = com.rjps.libuf.RJSLibUFAppThemes;
				SDKROOT = iphoneos;
				SKIP_INSTALL = YES;
				TARGETED_DEVICE_FAMILY = "1,2";
				VERSIONING_SYSTEM = "apple-generic";
			};
			name = Debug;
		};
		8D3D12E537993CA2099AC151 /* Release */ = {
			isa = XCBuildConfiguration;
			buildSettings = {
				ASSETCATALOG_COMPILER_APPICON_NAME = AppIcon;
				CODE_SIGN_IDENTITY = "iPhone Developer";
				INFOPLIST_FILE = SampleApp/Info.plist;
				IPHONEOS_DEPLOYMENT_TARGET = 13.0;
				LD_RUNPATH_SEARCH_PATHS = (
					"$(inherited)",
					"@executable_path/Frameworks",
				);
				MARKETING_VERSION = 1.0;
				PRODUCT_BUNDLE_IDENTIFIER = com.rjps.libuf.SampleApp;
				SDKROOT = iphoneos;
				TARGETED_DEVICE_FAMILY = "1,2";
			};
			name = Release;
		};
		BA357155CA90FFB7C5CD12AD /* Debug */ = {
			isa = XCBuildConfiguration;
			buildSettings = {
				ASSETCATALOG_COMPILER_APPICON_NAME = AppIcon;
				CODE_SIGN_IDENTITY = "iPhone Developer";
				INFOPLIST_FILE = SampleApp/Info.plist;
				IPHONEOS_DEPLOYMENT_TARGET = 13.0;
				LD_RUNPATH_SEARCH_PATHS = (
					"$(inherited)",
					"@executable_path/Frameworks",
				);
				MARKETING_VERSION = 1.0;
				PRODUCT_BUNDLE_IDENTIFIER = com.rjps.libuf.SampleApp;
				SDKROOT = iphoneos;
				TARGETED_DEVICE_FAMILY = "1,2";
			};
			name = Debug;
		};
		BD0FF2EA59444BB6B5F097E4 /* Release */ = {
			isa = XCBuildConfiguration;
			buildSettings = {
				CODE_SIGN_IDENTITY = "";
				CURRENT_PROJECT_VERSION = 1;
				DEFINES_MODULE = YES;
				DYLIB_COMPATIBILITY_VERSION = 1;
				DYLIB_CURRENT_VERSION = 1;
				DYLIB_INSTALL_NAME_BASE = "@rpath";
				INFOPLIST_FILE = Sources/RJSLibUFBase/Info.plist;
				INSTALL_PATH = "$(LOCAL_LIBRARY_DIR)/Frameworks";
				IPHONEOS_DEPLOYMENT_TARGET = 13.0;
				LD_RUNPATH_SEARCH_PATHS = (
					"$(inherited)",
					"@executable_path/Frameworks",
				);
				MARKETING_VERSION = 1.2.1;
				PRODUCT_BUNDLE_IDENTIFIER = com.rjps.libuf.RJSLibUFBase;
				SDKROOT = iphoneos;
				SKIP_INSTALL = YES;
				TARGETED_DEVICE_FAMILY = "1,2";
				VERSIONING_SYSTEM = "apple-generic";
			};
			name = Release;
		};
		BF16F6AABF3DE2CADDEFFB64 /* Release */ = {
			isa = XCBuildConfiguration;
			buildSettings = {
				BUNDLE_LOADER = "$(TEST_HOST)";
				LD_RUNPATH_SEARCH_PATHS = (
					"$(inherited)",
					"@executable_path/Frameworks",
					"@loader_path/Frameworks",
				);
				PRODUCT_BUNDLE_IDENTIFIER = com.rjps.libuf.MyLibraryTests;
				SDKROOT = iphoneos;
				TARGETED_DEVICE_FAMILY = "1,2";
				TEST_HOST = "$(BUILT_PRODUCTS_DIR)/SampleApp.app/SampleApp";
			};
			name = Release;
		};
		C59B9ED868FD23C0C0C68DA4 /* Release */ = {
			isa = XCBuildConfiguration;
			buildSettings = {
				ALWAYS_SEARCH_USER_PATHS = NO;
				CLANG_ANALYZER_NONNULL = YES;
				CLANG_ANALYZER_NUMBER_OBJECT_CONVERSION = YES_AGGRESSIVE;
				CLANG_CXX_LANGUAGE_STANDARD = "gnu++14";
				CLANG_CXX_LIBRARY = "libc++";
				CLANG_ENABLE_MODULES = YES;
				CLANG_ENABLE_OBJC_ARC = YES;
				CLANG_ENABLE_OBJC_WEAK = YES;
				CLANG_WARN_BLOCK_CAPTURE_AUTORELEASING = YES;
				CLANG_WARN_BOOL_CONVERSION = YES;
				CLANG_WARN_COMMA = YES;
				CLANG_WARN_CONSTANT_CONVERSION = YES;
				CLANG_WARN_DEPRECATED_OBJC_IMPLEMENTATIONS = YES;
				CLANG_WARN_DIRECT_OBJC_ISA_USAGE = YES_ERROR;
				CLANG_WARN_DOCUMENTATION_COMMENTS = YES;
				CLANG_WARN_EMPTY_BODY = YES;
				CLANG_WARN_ENUM_CONVERSION = YES;
				CLANG_WARN_INFINITE_RECURSION = YES;
				CLANG_WARN_INT_CONVERSION = YES;
				CLANG_WARN_NON_LITERAL_NULL_CONVERSION = YES;
				CLANG_WARN_OBJC_IMPLICIT_RETAIN_SELF = YES;
				CLANG_WARN_OBJC_LITERAL_CONVERSION = YES;
				CLANG_WARN_OBJC_ROOT_CLASS = YES_ERROR;
				CLANG_WARN_QUOTED_INCLUDE_IN_FRAMEWORK_HEADER = YES;
				CLANG_WARN_RANGE_LOOP_ANALYSIS = YES;
				CLANG_WARN_STRICT_PROTOTYPES = YES;
				CLANG_WARN_SUSPICIOUS_MOVE = YES;
				CLANG_WARN_UNGUARDED_AVAILABILITY = YES_AGGRESSIVE;
				CLANG_WARN_UNREACHABLE_CODE = YES;
				CLANG_WARN__DUPLICATE_METHOD_MATCH = YES;
				COPY_PHASE_STRIP = NO;
				DEBUG_INFORMATION_FORMAT = "dwarf-with-dsym";
				ENABLE_BITCODE = YES;
				ENABLE_NS_ASSERTIONS = NO;
				ENABLE_STRICT_OBJC_MSGSEND = YES;
				GCC_C_LANGUAGE_STANDARD = gnu11;
				GCC_NO_COMMON_BLOCKS = YES;
				GCC_WARN_64_TO_32_BIT_CONVERSION = YES;
				GCC_WARN_ABOUT_RETURN_TYPE = YES_ERROR;
				GCC_WARN_UNDECLARED_SELECTOR = YES;
				GCC_WARN_UNINITIALIZED_AUTOS = YES_AGGRESSIVE;
				GCC_WARN_UNUSED_FUNCTION = YES;
				GCC_WARN_UNUSED_VARIABLE = YES;
				IPHONEOS_DEPLOYMENT_TARGET = 13.0;
				MTL_ENABLE_DEBUG_INFO = NO;
				MTL_FAST_MATH = YES;
				PRODUCT_NAME = "$(TARGET_NAME)";
				SDKROOT = iphoneos;
				SWIFT_COMPILATION_MODE = wholemodule;
				SWIFT_OPTIMIZATION_LEVEL = "-O";
				SWIFT_VERSION = 5.3;
			};
			name = Release;
		};
		CFEB6212F87B1DC9CF498FCB /* Release */ = {
			isa = XCBuildConfiguration;
			buildSettings = {
				CODE_SIGN_IDENTITY = "";
				CURRENT_PROJECT_VERSION = 1;
				DEFINES_MODULE = YES;
				DYLIB_COMPATIBILITY_VERSION = 1;
				DYLIB_CURRENT_VERSION = 1;
				DYLIB_INSTALL_NAME_BASE = "@rpath";
				INFOPLIST_FILE = Sources/RJSLibUFStorage/Info.plist;
				INSTALL_PATH = "$(LOCAL_LIBRARY_DIR)/Frameworks";
				IPHONEOS_DEPLOYMENT_TARGET = 13.0;
				LD_RUNPATH_SEARCH_PATHS = (
					"$(inherited)",
					"@executable_path/Frameworks",
				);
				MARKETING_VERSION = 1.2.1;
				PRODUCT_BUNDLE_IDENTIFIER = com.rjps.libuf.RJSLibUFStorage;
				SDKROOT = iphoneos;
				SKIP_INSTALL = YES;
				TARGETED_DEVICE_FAMILY = "1,2";
				VERSIONING_SYSTEM = "apple-generic";
			};
			name = Release;
		};
		EC7E635384C948E0B5EEDEE5 /* Debug */ = {
			isa = XCBuildConfiguration;
			buildSettings = {
				CODE_SIGN_IDENTITY = "";
				CURRENT_PROJECT_VERSION = 1;
				DEFINES_MODULE = YES;
				DYLIB_COMPATIBILITY_VERSION = 1;
				DYLIB_CURRENT_VERSION = 1;
				DYLIB_INSTALL_NAME_BASE = "@rpath";
				INFOPLIST_FILE = Sources/RJSLibUFNetworking/Info.plist;
				INSTALL_PATH = "$(LOCAL_LIBRARY_DIR)/Frameworks";
				IPHONEOS_DEPLOYMENT_TARGET = 13.0;
				LD_RUNPATH_SEARCH_PATHS = (
					"$(inherited)",
					"@executable_path/Frameworks",
				);
				MARKETING_VERSION = 1.2.1;
				PRODUCT_BUNDLE_IDENTIFIER = com.rjps.libuf.RJSLibUFNetworking;
				SDKROOT = iphoneos;
				SKIP_INSTALL = YES;
				TARGETED_DEVICE_FAMILY = "1,2";
				VERSIONING_SYSTEM = "apple-generic";
			};
			name = Debug;
		};
/* End XCBuildConfiguration section */

/* Begin XCConfigurationList section */
		008C641E2D3EC0DE69C36B0A /* Build configuration list for PBXNativeTarget "RJSLibUFStorage" */ = {
			isa = XCConfigurationList;
			buildConfigurations = (
				3A13E4CFB69A1A74DA1DDAEE /* Debug */,
				CFEB6212F87B1DC9CF498FCB /* Release */,
			);
			defaultConfigurationIsVisible = 0;
			defaultConfigurationName = Debug;
		};
		0EC85FB25C5A6B4B5264FB34 /* Build configuration list for PBXNativeTarget "SampleApp" */ = {
			isa = XCConfigurationList;
			buildConfigurations = (
				BA357155CA90FFB7C5CD12AD /* Debug */,
				8D3D12E537993CA2099AC151 /* Release */,
			);
			defaultConfigurationIsVisible = 0;
			defaultConfigurationName = Debug;
		};
		3E30F12AEF3FFBF85122FA0F /* Build configuration list for PBXNativeTarget "RJSLibUFALayouts" */ = {
			isa = XCConfigurationList;
			buildConfigurations = (
				36107279D2C175BCD479BDE1 /* Debug */,
				5E2BC2B5371E6DC3456A8650 /* Release */,
			);
			defaultConfigurationIsVisible = 0;
			defaultConfigurationName = Debug;
		};
		478BD369166F0567C3785035 /* Build configuration list for PBXProject "RJSLibUF" */ = {
			isa = XCConfigurationList;
			buildConfigurations = (
				26E0D60584A6DD58EB5734AD /* Debug */,
				C59B9ED868FD23C0C0C68DA4 /* Release */,
			);
			defaultConfigurationIsVisible = 0;
			defaultConfigurationName = Debug;
		};
		B966C33D9C189D8DDEA0B4A1 /* Build configuration list for PBXNativeTarget "RJSLibUFNetworking" */ = {
			isa = XCConfigurationList;
			buildConfigurations = (
				EC7E635384C948E0B5EEDEE5 /* Debug */,
				6433C93DF140B72BB7F3DE47 /* Release */,
			);
			defaultConfigurationIsVisible = 0;
			defaultConfigurationName = Debug;
		};
		C75FE5480B6F350D6F6BE297 /* Build configuration list for PBXNativeTarget "RJSLibUFAppThemes" */ = {
			isa = XCConfigurationList;
			buildConfigurations = (
				8C4B2F57AE0DF652A5F8F827 /* Debug */,
				59965859FE72300FDB76DFAA /* Release */,
			);
			defaultConfigurationIsVisible = 0;
			defaultConfigurationName = Debug;
		};
		E4905B2F05E14FCFF3AD75F3 /* Build configuration list for PBXNativeTarget "RJSLibUFBase" */ = {
			isa = XCConfigurationList;
			buildConfigurations = (
				642BE7C4D5CC15BDF83C2CD6 /* Debug */,
				BD0FF2EA59444BB6B5F097E4 /* Release */,
			);
			defaultConfigurationIsVisible = 0;
			defaultConfigurationName = Debug;
		};
		FF2ACE0E2CE7C3AB24CF0BE8 /* Build configuration list for PBXNativeTarget "MyLibraryTests" */ = {
			isa = XCConfigurationList;
			buildConfigurations = (
				53C9D2B3179D6D44EB5BAC6C /* Debug */,
				BF16F6AABF3DE2CADDEFFB64 /* Release */,
			);
			defaultConfigurationIsVisible = 0;
			defaultConfigurationName = Debug;
		};
/* End XCConfigurationList section */

/* Begin XCVersionGroup section */
		058CDCA81CF8A6FAF10211DE /* RJPSLibDataModel.xcdatamodeld */ = {
			isa = XCVersionGroup;
			children = (
				351A3F115077BE91BD27A9A1 /* RJPSLibDataModel.xcdatamodel */,
			);
			currentVersion = 351A3F115077BE91BD27A9A1 /* RJPSLibDataModel.xcdatamodel */;
			path = RJPSLibDataModel.xcdatamodeld;
			sourceTree = "<group>";
			versionGroupType = wrapper.xcdatamodel;
		};
/* End XCVersionGroup section */
	};
	rootObject = 9A55C7D2FC9B16284E786939 /* Project object */;
}
